// !$*UTF8*$!
{
	archiveVersion = 1;
	classes = {
	};
	objectVersion = 46;
	objects = {

/* Begin PBXBuildFile section */
		3F7A7C611B73364C005D9564 /* libz.dylib in Frameworks */ = {isa = PBXBuildFile; fileRef = 3F7A7C601B73364C005D9564 /* libz.dylib */; };
		3F7A7C631B733655005D9564 /* libc++.dylib in Frameworks */ = {isa = PBXBuildFile; fileRef = 3F7A7C621B733655005D9564 /* libc++.dylib */; };
		3F7A7C651B73365A005D9564 /* libsqlite3.0.dylib in Frameworks */ = {isa = PBXBuildFile; fileRef = 3F7A7C641B73365A005D9564 /* libsqlite3.0.dylib */; };
		3F7A7C671B733667005D9564 /* Foundation.framework in Frameworks */ = {isa = PBXBuildFile; fileRef = 3F7A7C661B733667005D9564 /* Foundation.framework */; };
		3F7A7C691B733674005D9564 /* UIKit.framework in Frameworks */ = {isa = PBXBuildFile; fileRef = 3F7A7C681B733673005D9564 /* UIKit.framework */; };
		3F7A7C6B1B73367A005D9564 /* CoreText.framework in Frameworks */ = {isa = PBXBuildFile; fileRef = 3F7A7C6A1B73367A005D9564 /* CoreText.framework */; };
		3F7A7C6D1B733681005D9564 /* ImageIO.framework in Frameworks */ = {isa = PBXBuildFile; fileRef = 3F7A7C6C1B733681005D9564 /* ImageIO.framework */; };
		3F7A7C6F1B733686005D9564 /* QuartzCore.framework in Frameworks */ = {isa = PBXBuildFile; fileRef = 3F7A7C6E1B733686005D9564 /* QuartzCore.framework */; };
		3F7A7C711B733690005D9564 /* libstdc++.dylib in Frameworks */ = {isa = PBXBuildFile; fileRef = 3F7A7C701B733690005D9564 /* libstdc++.dylib */; };
		3F7A7C731B733696005D9564 /* CoreTelephony.framework in Frameworks */ = {isa = PBXBuildFile; fileRef = 3F7A7C721B733696005D9564 /* CoreTelephony.framework */; };
		3F7A7C751B7336AA005D9564 /* CoreGraphics.framework in Frameworks */ = {isa = PBXBuildFile; fileRef = 3F7A7C741B7336AA005D9564 /* CoreGraphics.framework */; };
		3F7A7C771B7336B2005D9564 /* SystemConfiguration.framework in Frameworks */ = {isa = PBXBuildFile; fileRef = 3F7A7C761B7336B2005D9564 /* SystemConfiguration.framework */; };
		3F7A7C791B7336B9005D9564 /* libiconv.dylib in Frameworks */ = {isa = PBXBuildFile; fileRef = 3F7A7C781B7336B9005D9564 /* libiconv.dylib */; };
		3F7A7C7B1B7336BE005D9564 /* Security.framework in Frameworks */ = {isa = PBXBuildFile; fileRef = 3F7A7C7A1B7336BE005D9564 /* Security.framework */; };
		3F8C0C1A1CA18B15000F88D1 /* AppDelegate.m in Sources */ = {isa = PBXBuildFile; fileRef = 3F8C0B2C1CA18B15000F88D1 /* AppDelegate.m */; };
		3F8C0C1B1CA18B15000F88D1 /* LaunchScreen.xib in Resources */ = {isa = PBXBuildFile; fileRef = 3F8C0B2D1CA18B15000F88D1 /* LaunchScreen.xib */; };
		3F8C0C1D1CA18B15000F88D1 /* Images.xcassets in Resources */ = {isa = PBXBuildFile; fileRef = 3F8C0B311CA18B15000F88D1 /* Images.xcassets */; };
		3F8C0C1E1CA18B15000F88D1 /* Info.plist in Resources */ = {isa = PBXBuildFile; fileRef = 3F8C0B321CA18B15000F88D1 /* Info.plist */; };
		3F8C0C1F1CA18B15000F88D1 /* main.m in Sources */ = {isa = PBXBuildFile; fileRef = 3F8C0B331CA18B15000F88D1 /* main.m */; };
		3F8C0C201CA18B15000F88D1 /* libWeiboSDK.a in Frameworks */ = {isa = PBXBuildFile; fileRef = 3F8C0B361CA18B15000F88D1 /* libWeiboSDK.a */; };
		3F8C0C211CA18B15000F88D1 /* WeiboSDK.bundle in Resources */ = {isa = PBXBuildFile; fileRef = 3F8C0B3F1CA18B15000F88D1 /* WeiboSDK.bundle */; };
		3F8C0C221CA18B15000F88D1 /* ListItem.m in Sources */ = {isa = PBXBuildFile; fileRef = 3F8C0B441CA18B15000F88D1 /* ListItem.m */; };
		3F8C0C231CA18B15000F88D1 /* POHorizontalList.m in Sources */ = {isa = PBXBuildFile; fileRef = 3F8C0B461CA18B15000F88D1 /* POHorizontalList.m */; };
		3F8C0C241CA18B15000F88D1 /* TencentOpenAPI.framework in Frameworks */ = {isa = PBXBuildFile; fileRef = 3F8C0B491CA18B15000F88D1 /* TencentOpenAPI.framework */; };
		3F8C0C251CA18B15000F88D1 /* TencentOpenApi_IOS_Bundle.bundle in Resources */ = {isa = PBXBuildFile; fileRef = 3F8C0B4A1CA18B15000F88D1 /* TencentOpenApi_IOS_Bundle.bundle */; };
		3F8C0C261CA18B15000F88D1 /* libWeChatSDK.a in Frameworks */ = {isa = PBXBuildFile; fileRef = 3F8C0B4C1CA18B15000F88D1 /* libWeChatSDK.a */; };
		3F8C0C271CA18B15000F88D1 /* VerticalUIButton.m in Sources */ = {isa = PBXBuildFile; fileRef = 3F8C0B531CA18B15000F88D1 /* VerticalUIButton.m */; };
		3F8C0C281CA18B15000F88D1 /* 1.jpeg in Resources */ = {isa = PBXBuildFile; fileRef = 3F8C0B551CA18B15000F88D1 /* 1.jpeg */; };
		3F8C0C291CA18B15000F88D1 /* icon_share_moment@2x.png in Resources */ = {isa = PBXBuildFile; fileRef = 3F8C0B561CA18B15000F88D1 /* icon_share_moment@2x.png */; };
		3F8C0C2A1CA18B15000F88D1 /* icon_share_qq@2x.png in Resources */ = {isa = PBXBuildFile; fileRef = 3F8C0B571CA18B15000F88D1 /* icon_share_qq@2x.png */; };
		3F8C0C2B1CA18B15000F88D1 /* icon_share_qzone@2x.png in Resources */ = {isa = PBXBuildFile; fileRef = 3F8C0B581CA18B15000F88D1 /* icon_share_qzone@2x.png */; };
		3F8C0C2C1CA18B15000F88D1 /* icon_share_webo@2x.png in Resources */ = {isa = PBXBuildFile; fileRef = 3F8C0B591CA18B15000F88D1 /* icon_share_webo@2x.png */; };
		3F8C0C2D1CA18B15000F88D1 /* icon_share_wechat@2x.png in Resources */ = {isa = PBXBuildFile; fileRef = 3F8C0B5A1CA18B15000F88D1 /* icon_share_wechat@2x.png */; };
		3F8C0C2E1CA18B15000F88D1 /* logo.jpg in Resources */ = {isa = PBXBuildFile; fileRef = 3F8C0B5B1CA18B15000F88D1 /* logo.jpg */; };
		3F8C0C2F1CA18B15000F88D1 /* XMShareQQUtil.m in Sources */ = {isa = PBXBuildFile; fileRef = 3F8C0B5E1CA18B15000F88D1 /* XMShareQQUtil.m */; };
		3F8C0C301CA18B15000F88D1 /* XMShareUtil.m in Sources */ = {isa = PBXBuildFile; fileRef = 3F8C0B601CA18B15000F88D1 /* XMShareUtil.m */; };
		3F8C0C311CA18B15000F88D1 /* XMShareWechatUtil.m in Sources */ = {isa = PBXBuildFile; fileRef = 3F8C0B621CA18B15000F88D1 /* XMShareWechatUtil.m */; };
		3F8C0C321CA18B15000F88D1 /* XMShareWeiboUtil.m in Sources */ = {isa = PBXBuildFile; fileRef = 3F8C0B641CA18B15000F88D1 /* XMShareWeiboUtil.m */; };
		3F8C0C331CA18B15000F88D1 /* XMShareView.m in Sources */ = {isa = PBXBuildFile; fileRef = 3F8C0B661CA18B15000F88D1 /* XMShareView.m */; };
		3F8C0C341CA18B15000F88D1 /* NSArray+YYAdd.m in Sources */ = {isa = PBXBuildFile; fileRef = 3F8C0B6B1CA18B15000F88D1 /* NSArray+YYAdd.m */; };
		3F8C0C351CA18B15000F88D1 /* NSBundle+YYAdd.m in Sources */ = {isa = PBXBuildFile; fileRef = 3F8C0B6D1CA18B15000F88D1 /* NSBundle+YYAdd.m */; };
		3F8C0C361CA18B15000F88D1 /* NSData+YYAdd.m in Sources */ = {isa = PBXBuildFile; fileRef = 3F8C0B6F1CA18B15000F88D1 /* NSData+YYAdd.m */; };
		3F8C0C371CA18B15000F88D1 /* NSDate+YYAdd.m in Sources */ = {isa = PBXBuildFile; fileRef = 3F8C0B711CA18B15000F88D1 /* NSDate+YYAdd.m */; };
		3F8C0C381CA18B15000F88D1 /* NSDictionary+YYAdd.m in Sources */ = {isa = PBXBuildFile; fileRef = 3F8C0B731CA18B15000F88D1 /* NSDictionary+YYAdd.m */; };
		3F8C0C391CA18B15000F88D1 /* NSKeyedUnarchiver+YYAdd.m in Sources */ = {isa = PBXBuildFile; fileRef = 3F8C0B751CA18B15000F88D1 /* NSKeyedUnarchiver+YYAdd.m */; };
		3F8C0C3A1CA18B15000F88D1 /* NSNotificationCenter+YYAdd.m in Sources */ = {isa = PBXBuildFile; fileRef = 3F8C0B771CA18B15000F88D1 /* NSNotificationCenter+YYAdd.m */; };
		3F8C0C3B1CA18B15000F88D1 /* NSNumber+YYAdd.m in Sources */ = {isa = PBXBuildFile; fileRef = 3F8C0B791CA18B15000F88D1 /* NSNumber+YYAdd.m */; };
		3F8C0C3C1CA18B15000F88D1 /* NSObject+YYAdd.m in Sources */ = {isa = PBXBuildFile; fileRef = 3F8C0B7B1CA18B15000F88D1 /* NSObject+YYAdd.m */; };
		3F8C0C3D1CA18B15000F88D1 /* NSObject+YYAddForARC.m in Sources */ = {isa = PBXBuildFile; fileRef = 3F8C0B7D1CA18B15000F88D1 /* NSObject+YYAddForARC.m */; settings = {COMPILER_FLAGS = "-fno-objc-arc"; }; };
		3F8C0C3E1CA18B15000F88D1 /* NSObject+YYAddForKVO.m in Sources */ = {isa = PBXBuildFile; fileRef = 3F8C0B7F1CA18B15000F88D1 /* NSObject+YYAddForKVO.m */; };
		3F8C0C3F1CA18B15000F88D1 /* NSString+YYAdd.m in Sources */ = {isa = PBXBuildFile; fileRef = 3F8C0B811CA18B15000F88D1 /* NSString+YYAdd.m */; };
		3F8C0C401CA18B15000F88D1 /* NSThread+YYAdd.m in Sources */ = {isa = PBXBuildFile; fileRef = 3F8C0B831CA18B15000F88D1 /* NSThread+YYAdd.m */; settings = {COMPILER_FLAGS = "-fno-objc-arc"; }; };
		3F8C0C411CA18B15000F88D1 /* NSTimer+YYAdd.m in Sources */ = {isa = PBXBuildFile; fileRef = 3F8C0B851CA18B15000F88D1 /* NSTimer+YYAdd.m */; };
		3F8C0C421CA18B15000F88D1 /* CALayer+YYAdd.m in Sources */ = {isa = PBXBuildFile; fileRef = 3F8C0B881CA18B15000F88D1 /* CALayer+YYAdd.m */; };
		3F8C0C431CA18B15000F88D1 /* YYCGUtilities.m in Sources */ = {isa = PBXBuildFile; fileRef = 3F8C0B8A1CA18B15000F88D1 /* YYCGUtilities.m */; };
		3F8C0C441CA18B15000F88D1 /* UIApplication+YYAdd.m in Sources */ = {isa = PBXBuildFile; fileRef = 3F8C0B8D1CA18B15000F88D1 /* UIApplication+YYAdd.m */; };
		3F8C0C451CA18B15000F88D1 /* UIBarButtonItem+YYAdd.m in Sources */ = {isa = PBXBuildFile; fileRef = 3F8C0B8F1CA18B15000F88D1 /* UIBarButtonItem+YYAdd.m */; };
		3F8C0C461CA18B15000F88D1 /* UIBezierPath+YYAdd.m in Sources */ = {isa = PBXBuildFile; fileRef = 3F8C0B911CA18B15000F88D1 /* UIBezierPath+YYAdd.m */; };
		3F8C0C471CA18B15000F88D1 /* UIColor+YYAdd.m in Sources */ = {isa = PBXBuildFile; fileRef = 3F8C0B931CA18B15000F88D1 /* UIColor+YYAdd.m */; };
		3F8C0C481CA18B15000F88D1 /* UIControl+YYAdd.m in Sources */ = {isa = PBXBuildFile; fileRef = 3F8C0B951CA18B15000F88D1 /* UIControl+YYAdd.m */; };
		3F8C0C491CA18B15000F88D1 /* UIDevice+YYAdd.m in Sources */ = {isa = PBXBuildFile; fileRef = 3F8C0B971CA18B15000F88D1 /* UIDevice+YYAdd.m */; };
		3F8C0C4A1CA18B15000F88D1 /* UIFont+YYAdd.m in Sources */ = {isa = PBXBuildFile; fileRef = 3F8C0B991CA18B15000F88D1 /* UIFont+YYAdd.m */; };
		3F8C0C4B1CA18B15000F88D1 /* UIGestureRecognizer+YYAdd.m in Sources */ = {isa = PBXBuildFile; fileRef = 3F8C0B9B1CA18B15000F88D1 /* UIGestureRecognizer+YYAdd.m */; };
		3F8C0C4C1CA18B15000F88D1 /* UIImage+YYAdd.m in Sources */ = {isa = PBXBuildFile; fileRef = 3F8C0B9D1CA18B15000F88D1 /* UIImage+YYAdd.m */; };
		3F8C0C4D1CA18B15000F88D1 /* UIScreen+YYAdd.m in Sources */ = {isa = PBXBuildFile; fileRef = 3F8C0B9F1CA18B15000F88D1 /* UIScreen+YYAdd.m */; };
		3F8C0C4E1CA18B15000F88D1 /* UIScrollView+YYAdd.m in Sources */ = {isa = PBXBuildFile; fileRef = 3F8C0BA11CA18B15000F88D1 /* UIScrollView+YYAdd.m */; };
		3F8C0C4F1CA18B15000F88D1 /* UITableView+YYAdd.m in Sources */ = {isa = PBXBuildFile; fileRef = 3F8C0BA31CA18B15000F88D1 /* UITableView+YYAdd.m */; };
		3F8C0C501CA18B15000F88D1 /* UITextField+YYAdd.m in Sources */ = {isa = PBXBuildFile; fileRef = 3F8C0BA51CA18B15000F88D1 /* UITextField+YYAdd.m */; };
		3F8C0C511CA18B15000F88D1 /* UIView+YYAdd.m in Sources */ = {isa = PBXBuildFile; fileRef = 3F8C0BA71CA18B15000F88D1 /* UIView+YYAdd.m */; };
		3F8C0C521CA18B15000F88D1 /* YYCache.m in Sources */ = {isa = PBXBuildFile; fileRef = 3F8C0BAB1CA18B15000F88D1 /* YYCache.m */; };
		3F8C0C531CA18B15000F88D1 /* YYDiskCache.m in Sources */ = {isa = PBXBuildFile; fileRef = 3F8C0BAD1CA18B15000F88D1 /* YYDiskCache.m */; };
		3F8C0C541CA18B15000F88D1 /* YYKVStorage.m in Sources */ = {isa = PBXBuildFile; fileRef = 3F8C0BAF1CA18B15000F88D1 /* YYKVStorage.m */; };
		3F8C0C551CA18B15000F88D1 /* YYMemoryCache.m in Sources */ = {isa = PBXBuildFile; fileRef = 3F8C0BB11CA18B15000F88D1 /* YYMemoryCache.m */; };
		3F8C0C561CA18B15000F88D1 /* _YYWebImageSetter.m in Sources */ = {isa = PBXBuildFile; fileRef = 3F8C0BB51CA18B15000F88D1 /* _YYWebImageSetter.m */; };
		3F8C0C571CA18B15000F88D1 /* CALayer+YYWebImage.m in Sources */ = {isa = PBXBuildFile; fileRef = 3F8C0BB71CA18B15000F88D1 /* CALayer+YYWebImage.m */; };
		3F8C0C581CA18B15000F88D1 /* MKAnnotationView+YYWebImage.m in Sources */ = {isa = PBXBuildFile; fileRef = 3F8C0BB91CA18B15000F88D1 /* MKAnnotationView+YYWebImage.m */; };
		3F8C0C591CA18B15000F88D1 /* UIButton+YYWebImage.m in Sources */ = {isa = PBXBuildFile; fileRef = 3F8C0BBB1CA18B15000F88D1 /* UIButton+YYWebImage.m */; };
		3F8C0C5A1CA18B15000F88D1 /* UIImageView+YYWebImage.m in Sources */ = {isa = PBXBuildFile; fileRef = 3F8C0BBD1CA18B15000F88D1 /* UIImageView+YYWebImage.m */; };
		3F8C0C5B1CA18B15000F88D1 /* YYAnimatedImageView.m in Sources */ = {isa = PBXBuildFile; fileRef = 3F8C0BBF1CA18B15000F88D1 /* YYAnimatedImageView.m */; };
		3F8C0C5C1CA18B15000F88D1 /* YYFrameImage.m in Sources */ = {isa = PBXBuildFile; fileRef = 3F8C0BC11CA18B15000F88D1 /* YYFrameImage.m */; };
		3F8C0C5D1CA18B15000F88D1 /* YYImage.m in Sources */ = {isa = PBXBuildFile; fileRef = 3F8C0BC31CA18B15000F88D1 /* YYImage.m */; };
		3F8C0C5E1CA18B15000F88D1 /* YYImageCache.m in Sources */ = {isa = PBXBuildFile; fileRef = 3F8C0BC51CA18B15000F88D1 /* YYImageCache.m */; };
		3F8C0C5F1CA18B15000F88D1 /* YYImageCoder.m in Sources */ = {isa = PBXBuildFile; fileRef = 3F8C0BC71CA18B15000F88D1 /* YYImageCoder.m */; };
		3F8C0C601CA18B15000F88D1 /* YYSpriteSheetImage.m in Sources */ = {isa = PBXBuildFile; fileRef = 3F8C0BC91CA18B15000F88D1 /* YYSpriteSheetImage.m */; };
		3F8C0C611CA18B15000F88D1 /* YYWebImageManager.m in Sources */ = {isa = PBXBuildFile; fileRef = 3F8C0BCB1CA18B15000F88D1 /* YYWebImageManager.m */; };
		3F8C0C621CA18B15000F88D1 /* YYWebImageOperation.m in Sources */ = {isa = PBXBuildFile; fileRef = 3F8C0BCD1CA18B15000F88D1 /* YYWebImageOperation.m */; };
		3F8C0C631CA18B15000F88D1 /* NSObject+YYModel.m in Sources */ = {isa = PBXBuildFile; fileRef = 3F8C0BD01CA18B15000F88D1 /* NSObject+YYModel.m */; };
		3F8C0C641CA18B15000F88D1 /* YYClassInfo.m in Sources */ = {isa = PBXBuildFile; fileRef = 3F8C0BD21CA18B15000F88D1 /* YYClassInfo.m */; };
		3F8C0C651CA18B15000F88D1 /* YYTextContainerView.m in Sources */ = {isa = PBXBuildFile; fileRef = 3F8C0BD61CA18B15000F88D1 /* YYTextContainerView.m */; };
		3F8C0C661CA18B15000F88D1 /* YYTextDebugOption.m in Sources */ = {isa = PBXBuildFile; fileRef = 3F8C0BD81CA18B15000F88D1 /* YYTextDebugOption.m */; };
		3F8C0C671CA18B15000F88D1 /* YYTextEffectWindow.m in Sources */ = {isa = PBXBuildFile; fileRef = 3F8C0BDA1CA18B15000F88D1 /* YYTextEffectWindow.m */; };
		3F8C0C681CA18B15000F88D1 /* YYTextInput.m in Sources */ = {isa = PBXBuildFile; fileRef = 3F8C0BDC1CA18B15000F88D1 /* YYTextInput.m */; };
		3F8C0C691CA18B15000F88D1 /* YYTextKeyboardManager.m in Sources */ = {isa = PBXBuildFile; fileRef = 3F8C0BDE1CA18B15000F88D1 /* YYTextKeyboardManager.m */; };
		3F8C0C6A1CA18B15000F88D1 /* YYTextLayout.m in Sources */ = {isa = PBXBuildFile; fileRef = 3F8C0BE01CA18B15000F88D1 /* YYTextLayout.m */; };
		3F8C0C6B1CA18B15000F88D1 /* YYTextLine.m in Sources */ = {isa = PBXBuildFile; fileRef = 3F8C0BE21CA18B15000F88D1 /* YYTextLine.m */; };
		3F8C0C6C1CA18B15000F88D1 /* YYTextMagnifier.m in Sources */ = {isa = PBXBuildFile; fileRef = 3F8C0BE41CA18B15000F88D1 /* YYTextMagnifier.m */; };
		3F8C0C6D1CA18B15000F88D1 /* YYTextSelectionView.m in Sources */ = {isa = PBXBuildFile; fileRef = 3F8C0BE61CA18B15000F88D1 /* YYTextSelectionView.m */; };
		3F8C0C6E1CA18B15000F88D1 /* NSAttributedString+YYText.m in Sources */ = {isa = PBXBuildFile; fileRef = 3F8C0BE91CA18B15000F88D1 /* NSAttributedString+YYText.m */; };
		3F8C0C6F1CA18B15000F88D1 /* NSParagraphStyle+YYText.m in Sources */ = {isa = PBXBuildFile; fileRef = 3F8C0BEB1CA18B15000F88D1 /* NSParagraphStyle+YYText.m */; };
		3F8C0C701CA18B15000F88D1 /* UIPasteboard+YYText.m in Sources */ = {isa = PBXBuildFile; fileRef = 3F8C0BED1CA18B15000F88D1 /* UIPasteboard+YYText.m */; };
		3F8C0C711CA18B15000F88D1 /* YYTextArchiver.m in Sources */ = {isa = PBXBuildFile; fileRef = 3F8C0BEF1CA18B15000F88D1 /* YYTextArchiver.m */; };
		3F8C0C721CA18B15000F88D1 /* YYTextAttribute.m in Sources */ = {isa = PBXBuildFile; fileRef = 3F8C0BF11CA18B15000F88D1 /* YYTextAttribute.m */; };
		3F8C0C731CA18B15000F88D1 /* YYTextParser.m in Sources */ = {isa = PBXBuildFile; fileRef = 3F8C0BF31CA18B15000F88D1 /* YYTextParser.m */; };
		3F8C0C741CA18B15000F88D1 /* YYTextRubyAnnotation.m in Sources */ = {isa = PBXBuildFile; fileRef = 3F8C0BF51CA18B15000F88D1 /* YYTextRubyAnnotation.m */; };
		3F8C0C751CA18B15000F88D1 /* YYTextRunDelegate.m in Sources */ = {isa = PBXBuildFile; fileRef = 3F8C0BF71CA18B15000F88D1 /* YYTextRunDelegate.m */; };
		3F8C0C761CA18B15000F88D1 /* YYTextUtilities.m in Sources */ = {isa = PBXBuildFile; fileRef = 3F8C0BF91CA18B15000F88D1 /* YYTextUtilities.m */; };
		3F8C0C771CA18B15000F88D1 /* YYLabel.m in Sources */ = {isa = PBXBuildFile; fileRef = 3F8C0BFB1CA18B15000F88D1 /* YYLabel.m */; };
		3F8C0C781CA18B15000F88D1 /* YYTextView.m in Sources */ = {isa = PBXBuildFile; fileRef = 3F8C0BFD1CA18B15000F88D1 /* YYTextView.m */; };
		3F8C0C791CA18B15000F88D1 /* YYAsyncLayer.m in Sources */ = {isa = PBXBuildFile; fileRef = 3F8C0C001CA18B15000F88D1 /* YYAsyncLayer.m */; };
		3F8C0C7A1CA18B15000F88D1 /* YYDispatchQueuePool.m in Sources */ = {isa = PBXBuildFile; fileRef = 3F8C0C021CA18B15000F88D1 /* YYDispatchQueuePool.m */; };
		3F8C0C7B1CA18B15000F88D1 /* YYFileHash.m in Sources */ = {isa = PBXBuildFile; fileRef = 3F8C0C041CA18B15000F88D1 /* YYFileHash.m */; };
		3F8C0C7C1CA18B15000F88D1 /* YYGestureRecognizer.m in Sources */ = {isa = PBXBuildFile; fileRef = 3F8C0C061CA18B15000F88D1 /* YYGestureRecognizer.m */; };
		3F8C0C7D1CA18B15000F88D1 /* YYKeychain.m in Sources */ = {isa = PBXBuildFile; fileRef = 3F8C0C081CA18B15000F88D1 /* YYKeychain.m */; };
		3F8C0C7E1CA18B15000F88D1 /* YYReachability.m in Sources */ = {isa = PBXBuildFile; fileRef = 3F8C0C0A1CA18B15000F88D1 /* YYReachability.m */; };
		3F8C0C7F1CA18B15000F88D1 /* YYSentinel.m in Sources */ = {isa = PBXBuildFile; fileRef = 3F8C0C0C1CA18B15000F88D1 /* YYSentinel.m */; };
		3F8C0C801CA18B15000F88D1 /* YYThreadSafeArray.m in Sources */ = {isa = PBXBuildFile; fileRef = 3F8C0C0E1CA18B15000F88D1 /* YYThreadSafeArray.m */; };
		3F8C0C811CA18B15000F88D1 /* YYThreadSafeDictionary.m in Sources */ = {isa = PBXBuildFile; fileRef = 3F8C0C101CA18B15000F88D1 /* YYThreadSafeDictionary.m */; };
		3F8C0C821CA18B15000F88D1 /* YYTimer.m in Sources */ = {isa = PBXBuildFile; fileRef = 3F8C0C121CA18B15000F88D1 /* YYTimer.m */; };
		3F8C0C831CA18B15000F88D1 /* YYTransaction.m in Sources */ = {isa = PBXBuildFile; fileRef = 3F8C0C141CA18B15000F88D1 /* YYTransaction.m */; };
		3F8C0C841CA18B15000F88D1 /* YYWeakProxy.m in Sources */ = {isa = PBXBuildFile; fileRef = 3F8C0C161CA18B15000F88D1 /* YYWeakProxy.m */; };
		3FA922FB1CA8259D00F1ABB8 /* BaseViewController.m in Sources */ = {isa = PBXBuildFile; fileRef = 3FA922FA1CA8259D00F1ABB8 /* BaseViewController.m */; };
		3FA922FE1CA8260900F1ABB8 /* ViewController.m in Sources */ = {isa = PBXBuildFile; fileRef = 3FA922FD1CA8260900F1ABB8 /* ViewController.m */; };
		3FA923011CA826F000F1ABB8 /* UserViewController.m in Sources */ = {isa = PBXBuildFile; fileRef = 3FA923001CA826F000F1ABB8 /* UserViewController.m */; };
		3FA923051CA8293700F1ABB8 /* GKFadeNavigationController.m in Sources */ = {isa = PBXBuildFile; fileRef = 3FA923041CA8293700F1ABB8 /* GKFadeNavigationController.m */; };
/* End PBXBuildFile section */

/* Begin PBXFileReference section */
		3F7A7C191B731B91005D9564 /* Stickers.app */ = {isa = PBXFileReference; explicitFileType = wrapper.application; includeInIndex = 0; path = Stickers.app; sourceTree = BUILT_PRODUCTS_DIR; };
		3F7A7C601B73364C005D9564 /* libz.dylib */ = {isa = PBXFileReference; lastKnownFileType = "compiled.mach-o.dylib"; name = libz.dylib; path = usr/lib/libz.dylib; sourceTree = SDKROOT; };
		3F7A7C621B733655005D9564 /* libc++.dylib */ = {isa = PBXFileReference; lastKnownFileType = "compiled.mach-o.dylib"; name = "libc++.dylib"; path = "usr/lib/libc++.dylib"; sourceTree = SDKROOT; };
		3F7A7C641B73365A005D9564 /* libsqlite3.0.dylib */ = {isa = PBXFileReference; lastKnownFileType = "compiled.mach-o.dylib"; name = libsqlite3.0.dylib; path = usr/lib/libsqlite3.0.dylib; sourceTree = SDKROOT; };
		3F7A7C661B733667005D9564 /* Foundation.framework */ = {isa = PBXFileReference; lastKnownFileType = wrapper.framework; name = Foundation.framework; path = System/Library/Frameworks/Foundation.framework; sourceTree = SDKROOT; };
		3F7A7C681B733673005D9564 /* UIKit.framework */ = {isa = PBXFileReference; lastKnownFileType = wrapper.framework; name = UIKit.framework; path = System/Library/Frameworks/UIKit.framework; sourceTree = SDKROOT; };
		3F7A7C6A1B73367A005D9564 /* CoreText.framework */ = {isa = PBXFileReference; lastKnownFileType = wrapper.framework; name = CoreText.framework; path = System/Library/Frameworks/CoreText.framework; sourceTree = SDKROOT; };
		3F7A7C6C1B733681005D9564 /* ImageIO.framework */ = {isa = PBXFileReference; lastKnownFileType = wrapper.framework; name = ImageIO.framework; path = System/Library/Frameworks/ImageIO.framework; sourceTree = SDKROOT; };
		3F7A7C6E1B733686005D9564 /* QuartzCore.framework */ = {isa = PBXFileReference; lastKnownFileType = wrapper.framework; name = QuartzCore.framework; path = System/Library/Frameworks/QuartzCore.framework; sourceTree = SDKROOT; };
		3F7A7C701B733690005D9564 /* libstdc++.dylib */ = {isa = PBXFileReference; lastKnownFileType = "compiled.mach-o.dylib"; name = "libstdc++.dylib"; path = "usr/lib/libstdc++.dylib"; sourceTree = SDKROOT; };
		3F7A7C721B733696005D9564 /* CoreTelephony.framework */ = {isa = PBXFileReference; lastKnownFileType = wrapper.framework; name = CoreTelephony.framework; path = System/Library/Frameworks/CoreTelephony.framework; sourceTree = SDKROOT; };
		3F7A7C741B7336AA005D9564 /* CoreGraphics.framework */ = {isa = PBXFileReference; lastKnownFileType = wrapper.framework; name = CoreGraphics.framework; path = System/Library/Frameworks/CoreGraphics.framework; sourceTree = SDKROOT; };
		3F7A7C761B7336B2005D9564 /* SystemConfiguration.framework */ = {isa = PBXFileReference; lastKnownFileType = wrapper.framework; name = SystemConfiguration.framework; path = System/Library/Frameworks/SystemConfiguration.framework; sourceTree = SDKROOT; };
		3F7A7C781B7336B9005D9564 /* libiconv.dylib */ = {isa = PBXFileReference; lastKnownFileType = "compiled.mach-o.dylib"; name = libiconv.dylib; path = usr/lib/libiconv.dylib; sourceTree = SDKROOT; };
		3F7A7C7A1B7336BE005D9564 /* Security.framework */ = {isa = PBXFileReference; lastKnownFileType = wrapper.framework; name = Security.framework; path = System/Library/Frameworks/Security.framework; sourceTree = SDKROOT; };
		3F8C0B2B1CA18B15000F88D1 /* AppDelegate.h */ = {isa = PBXFileReference; fileEncoding = 4; lastKnownFileType = sourcecode.c.h; path = AppDelegate.h; sourceTree = "<group>"; };
		3F8C0B2C1CA18B15000F88D1 /* AppDelegate.m */ = {isa = PBXFileReference; fileEncoding = 4; lastKnownFileType = sourcecode.c.objc; path = AppDelegate.m; sourceTree = "<group>"; };
		3F8C0B2E1CA18B15000F88D1 /* Base */ = {isa = PBXFileReference; lastKnownFileType = file.xib; name = Base; path = Base.lproj/LaunchScreen.xib; sourceTree = "<group>"; };
		3F8C0B311CA18B15000F88D1 /* Images.xcassets */ = {isa = PBXFileReference; lastKnownFileType = folder.assetcatalog; path = Images.xcassets; sourceTree = "<group>"; };
		3F8C0B321CA18B15000F88D1 /* Info.plist */ = {isa = PBXFileReference; fileEncoding = 4; lastKnownFileType = text.plist.xml; path = Info.plist; sourceTree = "<group>"; };
		3F8C0B331CA18B15000F88D1 /* main.m */ = {isa = PBXFileReference; fileEncoding = 4; lastKnownFileType = sourcecode.c.objc; path = main.m; sourceTree = "<group>"; };
		3F8C0B361CA18B15000F88D1 /* libWeiboSDK.a */ = {isa = PBXFileReference; lastKnownFileType = archive.ar; path = libWeiboSDK.a; sourceTree = "<group>"; };
		3F8C0B371CA18B15000F88D1 /* WBHttpRequest+WeiboGame.h */ = {isa = PBXFileReference; fileEncoding = 4; lastKnownFileType = sourcecode.c.h; path = "WBHttpRequest+WeiboGame.h"; sourceTree = "<group>"; };
		3F8C0B381CA18B15000F88D1 /* WBHttpRequest+WeiboShare.h */ = {isa = PBXFileReference; fileEncoding = 4; lastKnownFileType = sourcecode.c.h; path = "WBHttpRequest+WeiboShare.h"; sourceTree = "<group>"; };
		3F8C0B391CA18B15000F88D1 /* WBHttpRequest+WeiboToken.h */ = {isa = PBXFileReference; fileEncoding = 4; lastKnownFileType = sourcecode.c.h; path = "WBHttpRequest+WeiboToken.h"; sourceTree = "<group>"; };
		3F8C0B3A1CA18B15000F88D1 /* WBHttpRequest+WeiboUser.h */ = {isa = PBXFileReference; fileEncoding = 4; lastKnownFileType = sourcecode.c.h; path = "WBHttpRequest+WeiboUser.h"; sourceTree = "<group>"; };
		3F8C0B3B1CA18B15000F88D1 /* WBHttpRequest.h */ = {isa = PBXFileReference; fileEncoding = 4; lastKnownFileType = sourcecode.c.h; path = WBHttpRequest.h; sourceTree = "<group>"; };
		3F8C0B3C1CA18B15000F88D1 /* WBSDKBasicButton.h */ = {isa = PBXFileReference; fileEncoding = 4; lastKnownFileType = sourcecode.c.h; path = WBSDKBasicButton.h; sourceTree = "<group>"; };
		3F8C0B3D1CA18B15000F88D1 /* WBSDKCommentButton.h */ = {isa = PBXFileReference; fileEncoding = 4; lastKnownFileType = sourcecode.c.h; path = WBSDKCommentButton.h; sourceTree = "<group>"; };
		3F8C0B3E1CA18B15000F88D1 /* WBSDKRelationshipButton.h */ = {isa = PBXFileReference; fileEncoding = 4; lastKnownFileType = sourcecode.c.h; path = WBSDKRelationshipButton.h; sourceTree = "<group>"; };
		3F8C0B3F1CA18B15000F88D1 /* WeiboSDK.bundle */ = {isa = PBXFileReference; lastKnownFileType = "wrapper.plug-in"; path = WeiboSDK.bundle; sourceTree = "<group>"; };
		3F8C0B401CA18B15000F88D1 /* WeiboSDK.h */ = {isa = PBXFileReference; fileEncoding = 4; lastKnownFileType = sourcecode.c.h; path = WeiboSDK.h; sourceTree = "<group>"; };
		3F8C0B411CA18B15000F88D1 /* WeiboUser.h */ = {isa = PBXFileReference; fileEncoding = 4; lastKnownFileType = sourcecode.c.h; path = WeiboUser.h; sourceTree = "<group>"; };
		3F8C0B431CA18B15000F88D1 /* ListItem.h */ = {isa = PBXFileReference; fileEncoding = 4; lastKnownFileType = sourcecode.c.h; path = ListItem.h; sourceTree = "<group>"; };
		3F8C0B441CA18B15000F88D1 /* ListItem.m */ = {isa = PBXFileReference; fileEncoding = 4; lastKnownFileType = sourcecode.c.objc; path = ListItem.m; sourceTree = "<group>"; };
		3F8C0B451CA18B15000F88D1 /* POHorizontalList.h */ = {isa = PBXFileReference; fileEncoding = 4; lastKnownFileType = sourcecode.c.h; path = POHorizontalList.h; sourceTree = "<group>"; };
		3F8C0B461CA18B15000F88D1 /* POHorizontalList.m */ = {isa = PBXFileReference; fileEncoding = 4; lastKnownFileType = sourcecode.c.objc; path = POHorizontalList.m; sourceTree = "<group>"; };
		3F8C0B471CA18B15000F88D1 /* POHorizontalListDelegate.h */ = {isa = PBXFileReference; fileEncoding = 4; lastKnownFileType = sourcecode.c.h; path = POHorizontalListDelegate.h; sourceTree = "<group>"; };
		3F8C0B491CA18B15000F88D1 /* TencentOpenAPI.framework */ = {isa = PBXFileReference; lastKnownFileType = wrapper.framework; path = TencentOpenAPI.framework; sourceTree = "<group>"; };
		3F8C0B4A1CA18B15000F88D1 /* TencentOpenApi_IOS_Bundle.bundle */ = {isa = PBXFileReference; lastKnownFileType = "wrapper.plug-in"; path = TencentOpenApi_IOS_Bundle.bundle; sourceTree = "<group>"; };
		3F8C0B4C1CA18B15000F88D1 /* libWeChatSDK.a */ = {isa = PBXFileReference; lastKnownFileType = archive.ar; path = libWeChatSDK.a; sourceTree = "<group>"; };
		3F8C0B4D1CA18B15000F88D1 /* WXApi.h */ = {isa = PBXFileReference; fileEncoding = 4; lastKnownFileType = sourcecode.c.h; path = WXApi.h; sourceTree = "<group>"; };
		3F8C0B4E1CA18B15000F88D1 /* WXApiObject.h */ = {isa = PBXFileReference; fileEncoding = 4; lastKnownFileType = sourcecode.c.h; path = WXApiObject.h; sourceTree = "<group>"; };
		3F8C0B501CA18B15000F88D1 /* CommonMarco.h */ = {isa = PBXFileReference; fileEncoding = 4; lastKnownFileType = sourcecode.c.h; path = CommonMarco.h; sourceTree = "<group>"; };
		3F8C0B521CA18B15000F88D1 /* VerticalUIButton.h */ = {isa = PBXFileReference; fileEncoding = 4; lastKnownFileType = sourcecode.c.h; path = VerticalUIButton.h; sourceTree = "<group>"; };
		3F8C0B531CA18B15000F88D1 /* VerticalUIButton.m */ = {isa = PBXFileReference; fileEncoding = 4; lastKnownFileType = sourcecode.c.objc; path = VerticalUIButton.m; sourceTree = "<group>"; };
		3F8C0B551CA18B15000F88D1 /* 1.jpeg */ = {isa = PBXFileReference; lastKnownFileType = image.jpeg; path = 1.jpeg; sourceTree = "<group>"; };
		3F8C0B561CA18B15000F88D1 /* icon_share_moment@2x.png */ = {isa = PBXFileReference; lastKnownFileType = image.png; path = "icon_share_moment@2x.png"; sourceTree = "<group>"; };
		3F8C0B571CA18B15000F88D1 /* icon_share_qq@2x.png */ = {isa = PBXFileReference; lastKnownFileType = image.png; path = "icon_share_qq@2x.png"; sourceTree = "<group>"; };
		3F8C0B581CA18B15000F88D1 /* icon_share_qzone@2x.png */ = {isa = PBXFileReference; lastKnownFileType = image.png; path = "icon_share_qzone@2x.png"; sourceTree = "<group>"; };
		3F8C0B591CA18B15000F88D1 /* icon_share_webo@2x.png */ = {isa = PBXFileReference; lastKnownFileType = image.png; path = "icon_share_webo@2x.png"; sourceTree = "<group>"; };
		3F8C0B5A1CA18B15000F88D1 /* icon_share_wechat@2x.png */ = {isa = PBXFileReference; lastKnownFileType = image.png; path = "icon_share_wechat@2x.png"; sourceTree = "<group>"; };
		3F8C0B5B1CA18B15000F88D1 /* logo.jpg */ = {isa = PBXFileReference; lastKnownFileType = image.jpeg; path = logo.jpg; sourceTree = "<group>"; };
		3F8C0B5D1CA18B15000F88D1 /* XMShareQQUtil.h */ = {isa = PBXFileReference; fileEncoding = 4; lastKnownFileType = sourcecode.c.h; path = XMShareQQUtil.h; sourceTree = "<group>"; };
		3F8C0B5E1CA18B15000F88D1 /* XMShareQQUtil.m */ = {isa = PBXFileReference; fileEncoding = 4; lastKnownFileType = sourcecode.c.objc; path = XMShareQQUtil.m; sourceTree = "<group>"; };
		3F8C0B5F1CA18B15000F88D1 /* XMShareUtil.h */ = {isa = PBXFileReference; fileEncoding = 4; lastKnownFileType = sourcecode.c.h; path = XMShareUtil.h; sourceTree = "<group>"; };
		3F8C0B601CA18B15000F88D1 /* XMShareUtil.m */ = {isa = PBXFileReference; fileEncoding = 4; lastKnownFileType = sourcecode.c.objc; path = XMShareUtil.m; sourceTree = "<group>"; };
		3F8C0B611CA18B15000F88D1 /* XMShareWechatUtil.h */ = {isa = PBXFileReference; fileEncoding = 4; lastKnownFileType = sourcecode.c.h; path = XMShareWechatUtil.h; sourceTree = "<group>"; };
		3F8C0B621CA18B15000F88D1 /* XMShareWechatUtil.m */ = {isa = PBXFileReference; fileEncoding = 4; lastKnownFileType = sourcecode.c.objc; path = XMShareWechatUtil.m; sourceTree = "<group>"; };
		3F8C0B631CA18B15000F88D1 /* XMShareWeiboUtil.h */ = {isa = PBXFileReference; fileEncoding = 4; lastKnownFileType = sourcecode.c.h; path = XMShareWeiboUtil.h; sourceTree = "<group>"; };
		3F8C0B641CA18B15000F88D1 /* XMShareWeiboUtil.m */ = {isa = PBXFileReference; fileEncoding = 4; lastKnownFileType = sourcecode.c.objc; path = XMShareWeiboUtil.m; sourceTree = "<group>"; };
		3F8C0B651CA18B15000F88D1 /* XMShareView.h */ = {isa = PBXFileReference; fileEncoding = 4; lastKnownFileType = sourcecode.c.h; path = XMShareView.h; sourceTree = "<group>"; };
		3F8C0B661CA18B15000F88D1 /* XMShareView.m */ = {isa = PBXFileReference; fileEncoding = 4; lastKnownFileType = sourcecode.c.objc; path = XMShareView.m; sourceTree = "<group>"; };
		3F8C0B6A1CA18B15000F88D1 /* NSArray+YYAdd.h */ = {isa = PBXFileReference; fileEncoding = 4; lastKnownFileType = sourcecode.c.h; path = "NSArray+YYAdd.h"; sourceTree = "<group>"; };
		3F8C0B6B1CA18B15000F88D1 /* NSArray+YYAdd.m */ = {isa = PBXFileReference; fileEncoding = 4; lastKnownFileType = sourcecode.c.objc; path = "NSArray+YYAdd.m"; sourceTree = "<group>"; };
		3F8C0B6C1CA18B15000F88D1 /* NSBundle+YYAdd.h */ = {isa = PBXFileReference; fileEncoding = 4; lastKnownFileType = sourcecode.c.h; path = "NSBundle+YYAdd.h"; sourceTree = "<group>"; };
		3F8C0B6D1CA18B15000F88D1 /* NSBundle+YYAdd.m */ = {isa = PBXFileReference; fileEncoding = 4; lastKnownFileType = sourcecode.c.objc; path = "NSBundle+YYAdd.m"; sourceTree = "<group>"; };
		3F8C0B6E1CA18B15000F88D1 /* NSData+YYAdd.h */ = {isa = PBXFileReference; fileEncoding = 4; lastKnownFileType = sourcecode.c.h; path = "NSData+YYAdd.h"; sourceTree = "<group>"; };
		3F8C0B6F1CA18B15000F88D1 /* NSData+YYAdd.m */ = {isa = PBXFileReference; fileEncoding = 4; lastKnownFileType = sourcecode.c.objc; path = "NSData+YYAdd.m"; sourceTree = "<group>"; };
		3F8C0B701CA18B15000F88D1 /* NSDate+YYAdd.h */ = {isa = PBXFileReference; fileEncoding = 4; lastKnownFileType = sourcecode.c.h; path = "NSDate+YYAdd.h"; sourceTree = "<group>"; };
		3F8C0B711CA18B15000F88D1 /* NSDate+YYAdd.m */ = {isa = PBXFileReference; fileEncoding = 4; lastKnownFileType = sourcecode.c.objc; path = "NSDate+YYAdd.m"; sourceTree = "<group>"; };
		3F8C0B721CA18B15000F88D1 /* NSDictionary+YYAdd.h */ = {isa = PBXFileReference; fileEncoding = 4; lastKnownFileType = sourcecode.c.h; path = "NSDictionary+YYAdd.h"; sourceTree = "<group>"; };
		3F8C0B731CA18B15000F88D1 /* NSDictionary+YYAdd.m */ = {isa = PBXFileReference; fileEncoding = 4; lastKnownFileType = sourcecode.c.objc; path = "NSDictionary+YYAdd.m"; sourceTree = "<group>"; };
		3F8C0B741CA18B15000F88D1 /* NSKeyedUnarchiver+YYAdd.h */ = {isa = PBXFileReference; fileEncoding = 4; lastKnownFileType = sourcecode.c.h; path = "NSKeyedUnarchiver+YYAdd.h"; sourceTree = "<group>"; };
		3F8C0B751CA18B15000F88D1 /* NSKeyedUnarchiver+YYAdd.m */ = {isa = PBXFileReference; fileEncoding = 4; lastKnownFileType = sourcecode.c.objc; path = "NSKeyedUnarchiver+YYAdd.m"; sourceTree = "<group>"; };
		3F8C0B761CA18B15000F88D1 /* NSNotificationCenter+YYAdd.h */ = {isa = PBXFileReference; fileEncoding = 4; lastKnownFileType = sourcecode.c.h; path = "NSNotificationCenter+YYAdd.h"; sourceTree = "<group>"; };
		3F8C0B771CA18B15000F88D1 /* NSNotificationCenter+YYAdd.m */ = {isa = PBXFileReference; fileEncoding = 4; lastKnownFileType = sourcecode.c.objc; path = "NSNotificationCenter+YYAdd.m"; sourceTree = "<group>"; };
		3F8C0B781CA18B15000F88D1 /* NSNumber+YYAdd.h */ = {isa = PBXFileReference; fileEncoding = 4; lastKnownFileType = sourcecode.c.h; path = "NSNumber+YYAdd.h"; sourceTree = "<group>"; };
		3F8C0B791CA18B15000F88D1 /* NSNumber+YYAdd.m */ = {isa = PBXFileReference; fileEncoding = 4; lastKnownFileType = sourcecode.c.objc; path = "NSNumber+YYAdd.m"; sourceTree = "<group>"; };
		3F8C0B7A1CA18B15000F88D1 /* NSObject+YYAdd.h */ = {isa = PBXFileReference; fileEncoding = 4; lastKnownFileType = sourcecode.c.h; path = "NSObject+YYAdd.h"; sourceTree = "<group>"; };
		3F8C0B7B1CA18B15000F88D1 /* NSObject+YYAdd.m */ = {isa = PBXFileReference; fileEncoding = 4; lastKnownFileType = sourcecode.c.objc; path = "NSObject+YYAdd.m"; sourceTree = "<group>"; };
		3F8C0B7C1CA18B15000F88D1 /* NSObject+YYAddForARC.h */ = {isa = PBXFileReference; fileEncoding = 4; lastKnownFileType = sourcecode.c.h; path = "NSObject+YYAddForARC.h"; sourceTree = "<group>"; };
		3F8C0B7D1CA18B15000F88D1 /* NSObject+YYAddForARC.m */ = {isa = PBXFileReference; fileEncoding = 4; lastKnownFileType = sourcecode.c.objc; path = "NSObject+YYAddForARC.m"; sourceTree = "<group>"; };
		3F8C0B7E1CA18B15000F88D1 /* NSObject+YYAddForKVO.h */ = {isa = PBXFileReference; fileEncoding = 4; lastKnownFileType = sourcecode.c.h; path = "NSObject+YYAddForKVO.h"; sourceTree = "<group>"; };
		3F8C0B7F1CA18B15000F88D1 /* NSObject+YYAddForKVO.m */ = {isa = PBXFileReference; fileEncoding = 4; lastKnownFileType = sourcecode.c.objc; path = "NSObject+YYAddForKVO.m"; sourceTree = "<group>"; };
		3F8C0B801CA18B15000F88D1 /* NSString+YYAdd.h */ = {isa = PBXFileReference; fileEncoding = 4; lastKnownFileType = sourcecode.c.h; path = "NSString+YYAdd.h"; sourceTree = "<group>"; };
		3F8C0B811CA18B15000F88D1 /* NSString+YYAdd.m */ = {isa = PBXFileReference; fileEncoding = 4; lastKnownFileType = sourcecode.c.objc; path = "NSString+YYAdd.m"; sourceTree = "<group>"; };
		3F8C0B821CA18B15000F88D1 /* NSThread+YYAdd.h */ = {isa = PBXFileReference; fileEncoding = 4; lastKnownFileType = sourcecode.c.h; path = "NSThread+YYAdd.h"; sourceTree = "<group>"; };
		3F8C0B831CA18B15000F88D1 /* NSThread+YYAdd.m */ = {isa = PBXFileReference; fileEncoding = 4; lastKnownFileType = sourcecode.c.objc; path = "NSThread+YYAdd.m"; sourceTree = "<group>"; };
		3F8C0B841CA18B15000F88D1 /* NSTimer+YYAdd.h */ = {isa = PBXFileReference; fileEncoding = 4; lastKnownFileType = sourcecode.c.h; path = "NSTimer+YYAdd.h"; sourceTree = "<group>"; };
		3F8C0B851CA18B15000F88D1 /* NSTimer+YYAdd.m */ = {isa = PBXFileReference; fileEncoding = 4; lastKnownFileType = sourcecode.c.objc; path = "NSTimer+YYAdd.m"; sourceTree = "<group>"; };
		3F8C0B871CA18B15000F88D1 /* CALayer+YYAdd.h */ = {isa = PBXFileReference; fileEncoding = 4; lastKnownFileType = sourcecode.c.h; path = "CALayer+YYAdd.h"; sourceTree = "<group>"; };
		3F8C0B881CA18B15000F88D1 /* CALayer+YYAdd.m */ = {isa = PBXFileReference; fileEncoding = 4; lastKnownFileType = sourcecode.c.objc; path = "CALayer+YYAdd.m"; sourceTree = "<group>"; };
		3F8C0B891CA18B15000F88D1 /* YYCGUtilities.h */ = {isa = PBXFileReference; fileEncoding = 4; lastKnownFileType = sourcecode.c.h; path = YYCGUtilities.h; sourceTree = "<group>"; };
		3F8C0B8A1CA18B15000F88D1 /* YYCGUtilities.m */ = {isa = PBXFileReference; fileEncoding = 4; lastKnownFileType = sourcecode.c.objc; path = YYCGUtilities.m; sourceTree = "<group>"; };
		3F8C0B8C1CA18B15000F88D1 /* UIApplication+YYAdd.h */ = {isa = PBXFileReference; fileEncoding = 4; lastKnownFileType = sourcecode.c.h; path = "UIApplication+YYAdd.h"; sourceTree = "<group>"; };
		3F8C0B8D1CA18B15000F88D1 /* UIApplication+YYAdd.m */ = {isa = PBXFileReference; fileEncoding = 4; lastKnownFileType = sourcecode.c.objc; path = "UIApplication+YYAdd.m"; sourceTree = "<group>"; };
		3F8C0B8E1CA18B15000F88D1 /* UIBarButtonItem+YYAdd.h */ = {isa = PBXFileReference; fileEncoding = 4; lastKnownFileType = sourcecode.c.h; path = "UIBarButtonItem+YYAdd.h"; sourceTree = "<group>"; };
		3F8C0B8F1CA18B15000F88D1 /* UIBarButtonItem+YYAdd.m */ = {isa = PBXFileReference; fileEncoding = 4; lastKnownFileType = sourcecode.c.objc; path = "UIBarButtonItem+YYAdd.m"; sourceTree = "<group>"; };
		3F8C0B901CA18B15000F88D1 /* UIBezierPath+YYAdd.h */ = {isa = PBXFileReference; fileEncoding = 4; lastKnownFileType = sourcecode.c.h; path = "UIBezierPath+YYAdd.h"; sourceTree = "<group>"; };
		3F8C0B911CA18B15000F88D1 /* UIBezierPath+YYAdd.m */ = {isa = PBXFileReference; fileEncoding = 4; lastKnownFileType = sourcecode.c.objc; path = "UIBezierPath+YYAdd.m"; sourceTree = "<group>"; };
		3F8C0B921CA18B15000F88D1 /* UIColor+YYAdd.h */ = {isa = PBXFileReference; fileEncoding = 4; lastKnownFileType = sourcecode.c.h; path = "UIColor+YYAdd.h"; sourceTree = "<group>"; };
		3F8C0B931CA18B15000F88D1 /* UIColor+YYAdd.m */ = {isa = PBXFileReference; fileEncoding = 4; lastKnownFileType = sourcecode.c.objc; path = "UIColor+YYAdd.m"; sourceTree = "<group>"; };
		3F8C0B941CA18B15000F88D1 /* UIControl+YYAdd.h */ = {isa = PBXFileReference; fileEncoding = 4; lastKnownFileType = sourcecode.c.h; path = "UIControl+YYAdd.h"; sourceTree = "<group>"; };
		3F8C0B951CA18B15000F88D1 /* UIControl+YYAdd.m */ = {isa = PBXFileReference; fileEncoding = 4; lastKnownFileType = sourcecode.c.objc; path = "UIControl+YYAdd.m"; sourceTree = "<group>"; };
		3F8C0B961CA18B15000F88D1 /* UIDevice+YYAdd.h */ = {isa = PBXFileReference; fileEncoding = 4; lastKnownFileType = sourcecode.c.h; path = "UIDevice+YYAdd.h"; sourceTree = "<group>"; };
		3F8C0B971CA18B15000F88D1 /* UIDevice+YYAdd.m */ = {isa = PBXFileReference; fileEncoding = 4; lastKnownFileType = sourcecode.c.objc; path = "UIDevice+YYAdd.m"; sourceTree = "<group>"; };
		3F8C0B981CA18B15000F88D1 /* UIFont+YYAdd.h */ = {isa = PBXFileReference; fileEncoding = 4; lastKnownFileType = sourcecode.c.h; path = "UIFont+YYAdd.h"; sourceTree = "<group>"; };
		3F8C0B991CA18B15000F88D1 /* UIFont+YYAdd.m */ = {isa = PBXFileReference; fileEncoding = 4; lastKnownFileType = sourcecode.c.objc; path = "UIFont+YYAdd.m"; sourceTree = "<group>"; };
		3F8C0B9A1CA18B15000F88D1 /* UIGestureRecognizer+YYAdd.h */ = {isa = PBXFileReference; fileEncoding = 4; lastKnownFileType = sourcecode.c.h; path = "UIGestureRecognizer+YYAdd.h"; sourceTree = "<group>"; };
		3F8C0B9B1CA18B15000F88D1 /* UIGestureRecognizer+YYAdd.m */ = {isa = PBXFileReference; fileEncoding = 4; lastKnownFileType = sourcecode.c.objc; path = "UIGestureRecognizer+YYAdd.m"; sourceTree = "<group>"; };
		3F8C0B9C1CA18B15000F88D1 /* UIImage+YYAdd.h */ = {isa = PBXFileReference; fileEncoding = 4; lastKnownFileType = sourcecode.c.h; path = "UIImage+YYAdd.h"; sourceTree = "<group>"; };
		3F8C0B9D1CA18B15000F88D1 /* UIImage+YYAdd.m */ = {isa = PBXFileReference; fileEncoding = 4; lastKnownFileType = sourcecode.c.objc; path = "UIImage+YYAdd.m"; sourceTree = "<group>"; };
		3F8C0B9E1CA18B15000F88D1 /* UIScreen+YYAdd.h */ = {isa = PBXFileReference; fileEncoding = 4; lastKnownFileType = sourcecode.c.h; path = "UIScreen+YYAdd.h"; sourceTree = "<group>"; };
		3F8C0B9F1CA18B15000F88D1 /* UIScreen+YYAdd.m */ = {isa = PBXFileReference; fileEncoding = 4; lastKnownFileType = sourcecode.c.objc; path = "UIScreen+YYAdd.m"; sourceTree = "<group>"; };
		3F8C0BA01CA18B15000F88D1 /* UIScrollView+YYAdd.h */ = {isa = PBXFileReference; fileEncoding = 4; lastKnownFileType = sourcecode.c.h; path = "UIScrollView+YYAdd.h"; sourceTree = "<group>"; };
		3F8C0BA11CA18B15000F88D1 /* UIScrollView+YYAdd.m */ = {isa = PBXFileReference; fileEncoding = 4; lastKnownFileType = sourcecode.c.objc; path = "UIScrollView+YYAdd.m"; sourceTree = "<group>"; };
		3F8C0BA21CA18B15000F88D1 /* UITableView+YYAdd.h */ = {isa = PBXFileReference; fileEncoding = 4; lastKnownFileType = sourcecode.c.h; path = "UITableView+YYAdd.h"; sourceTree = "<group>"; };
		3F8C0BA31CA18B15000F88D1 /* UITableView+YYAdd.m */ = {isa = PBXFileReference; fileEncoding = 4; lastKnownFileType = sourcecode.c.objc; path = "UITableView+YYAdd.m"; sourceTree = "<group>"; };
		3F8C0BA41CA18B15000F88D1 /* UITextField+YYAdd.h */ = {isa = PBXFileReference; fileEncoding = 4; lastKnownFileType = sourcecode.c.h; path = "UITextField+YYAdd.h"; sourceTree = "<group>"; };
		3F8C0BA51CA18B15000F88D1 /* UITextField+YYAdd.m */ = {isa = PBXFileReference; fileEncoding = 4; lastKnownFileType = sourcecode.c.objc; path = "UITextField+YYAdd.m"; sourceTree = "<group>"; };
		3F8C0BA61CA18B15000F88D1 /* UIView+YYAdd.h */ = {isa = PBXFileReference; fileEncoding = 4; lastKnownFileType = sourcecode.c.h; path = "UIView+YYAdd.h"; sourceTree = "<group>"; };
		3F8C0BA71CA18B15000F88D1 /* UIView+YYAdd.m */ = {isa = PBXFileReference; fileEncoding = 4; lastKnownFileType = sourcecode.c.objc; path = "UIView+YYAdd.m"; sourceTree = "<group>"; };
		3F8C0BA81CA18B15000F88D1 /* YYKitMacro.h */ = {isa = PBXFileReference; fileEncoding = 4; lastKnownFileType = sourcecode.c.h; path = YYKitMacro.h; sourceTree = "<group>"; };
		3F8C0BAA1CA18B15000F88D1 /* YYCache.h */ = {isa = PBXFileReference; fileEncoding = 4; lastKnownFileType = sourcecode.c.h; path = YYCache.h; sourceTree = "<group>"; };
		3F8C0BAB1CA18B15000F88D1 /* YYCache.m */ = {isa = PBXFileReference; fileEncoding = 4; lastKnownFileType = sourcecode.c.objc; path = YYCache.m; sourceTree = "<group>"; };
		3F8C0BAC1CA18B15000F88D1 /* YYDiskCache.h */ = {isa = PBXFileReference; fileEncoding = 4; lastKnownFileType = sourcecode.c.h; path = YYDiskCache.h; sourceTree = "<group>"; };
		3F8C0BAD1CA18B15000F88D1 /* YYDiskCache.m */ = {isa = PBXFileReference; fileEncoding = 4; lastKnownFileType = sourcecode.c.objc; path = YYDiskCache.m; sourceTree = "<group>"; };
		3F8C0BAE1CA18B15000F88D1 /* YYKVStorage.h */ = {isa = PBXFileReference; fileEncoding = 4; lastKnownFileType = sourcecode.c.h; path = YYKVStorage.h; sourceTree = "<group>"; };
		3F8C0BAF1CA18B15000F88D1 /* YYKVStorage.m */ = {isa = PBXFileReference; fileEncoding = 4; lastKnownFileType = sourcecode.c.objc; path = YYKVStorage.m; sourceTree = "<group>"; };
		3F8C0BB01CA18B15000F88D1 /* YYMemoryCache.h */ = {isa = PBXFileReference; fileEncoding = 4; lastKnownFileType = sourcecode.c.h; path = YYMemoryCache.h; sourceTree = "<group>"; };
		3F8C0BB11CA18B15000F88D1 /* YYMemoryCache.m */ = {isa = PBXFileReference; fileEncoding = 4; lastKnownFileType = sourcecode.c.objc; path = YYMemoryCache.m; sourceTree = "<group>"; };
		3F8C0BB41CA18B15000F88D1 /* _YYWebImageSetter.h */ = {isa = PBXFileReference; fileEncoding = 4; lastKnownFileType = sourcecode.c.h; path = _YYWebImageSetter.h; sourceTree = "<group>"; };
		3F8C0BB51CA18B15000F88D1 /* _YYWebImageSetter.m */ = {isa = PBXFileReference; fileEncoding = 4; lastKnownFileType = sourcecode.c.objc; path = _YYWebImageSetter.m; sourceTree = "<group>"; };
		3F8C0BB61CA18B15000F88D1 /* CALayer+YYWebImage.h */ = {isa = PBXFileReference; fileEncoding = 4; lastKnownFileType = sourcecode.c.h; path = "CALayer+YYWebImage.h"; sourceTree = "<group>"; };
		3F8C0BB71CA18B15000F88D1 /* CALayer+YYWebImage.m */ = {isa = PBXFileReference; fileEncoding = 4; lastKnownFileType = sourcecode.c.objc; path = "CALayer+YYWebImage.m"; sourceTree = "<group>"; };
		3F8C0BB81CA18B15000F88D1 /* MKAnnotationView+YYWebImage.h */ = {isa = PBXFileReference; fileEncoding = 4; lastKnownFileType = sourcecode.c.h; path = "MKAnnotationView+YYWebImage.h"; sourceTree = "<group>"; };
		3F8C0BB91CA18B15000F88D1 /* MKAnnotationView+YYWebImage.m */ = {isa = PBXFileReference; fileEncoding = 4; lastKnownFileType = sourcecode.c.objc; path = "MKAnnotationView+YYWebImage.m"; sourceTree = "<group>"; };
		3F8C0BBA1CA18B15000F88D1 /* UIButton+YYWebImage.h */ = {isa = PBXFileReference; fileEncoding = 4; lastKnownFileType = sourcecode.c.h; path = "UIButton+YYWebImage.h"; sourceTree = "<group>"; };
		3F8C0BBB1CA18B15000F88D1 /* UIButton+YYWebImage.m */ = {isa = PBXFileReference; fileEncoding = 4; lastKnownFileType = sourcecode.c.objc; path = "UIButton+YYWebImage.m"; sourceTree = "<group>"; };
		3F8C0BBC1CA18B15000F88D1 /* UIImageView+YYWebImage.h */ = {isa = PBXFileReference; fileEncoding = 4; lastKnownFileType = sourcecode.c.h; path = "UIImageView+YYWebImage.h"; sourceTree = "<group>"; };
		3F8C0BBD1CA18B15000F88D1 /* UIImageView+YYWebImage.m */ = {isa = PBXFileReference; fileEncoding = 4; lastKnownFileType = sourcecode.c.objc; path = "UIImageView+YYWebImage.m"; sourceTree = "<group>"; };
		3F8C0BBE1CA18B15000F88D1 /* YYAnimatedImageView.h */ = {isa = PBXFileReference; fileEncoding = 4; lastKnownFileType = sourcecode.c.h; path = YYAnimatedImageView.h; sourceTree = "<group>"; };
		3F8C0BBF1CA18B15000F88D1 /* YYAnimatedImageView.m */ = {isa = PBXFileReference; fileEncoding = 4; lastKnownFileType = sourcecode.c.objc; path = YYAnimatedImageView.m; sourceTree = "<group>"; };
		3F8C0BC01CA18B15000F88D1 /* YYFrameImage.h */ = {isa = PBXFileReference; fileEncoding = 4; lastKnownFileType = sourcecode.c.h; path = YYFrameImage.h; sourceTree = "<group>"; };
		3F8C0BC11CA18B15000F88D1 /* YYFrameImage.m */ = {isa = PBXFileReference; fileEncoding = 4; lastKnownFileType = sourcecode.c.objc; path = YYFrameImage.m; sourceTree = "<group>"; };
		3F8C0BC21CA18B15000F88D1 /* YYImage.h */ = {isa = PBXFileReference; fileEncoding = 4; lastKnownFileType = sourcecode.c.h; path = YYImage.h; sourceTree = "<group>"; };
		3F8C0BC31CA18B15000F88D1 /* YYImage.m */ = {isa = PBXFileReference; fileEncoding = 4; lastKnownFileType = sourcecode.c.objc; path = YYImage.m; sourceTree = "<group>"; };
		3F8C0BC41CA18B15000F88D1 /* YYImageCache.h */ = {isa = PBXFileReference; fileEncoding = 4; lastKnownFileType = sourcecode.c.h; path = YYImageCache.h; sourceTree = "<group>"; };
		3F8C0BC51CA18B15000F88D1 /* YYImageCache.m */ = {isa = PBXFileReference; fileEncoding = 4; lastKnownFileType = sourcecode.c.objc; path = YYImageCache.m; sourceTree = "<group>"; };
		3F8C0BC61CA18B15000F88D1 /* YYImageCoder.h */ = {isa = PBXFileReference; fileEncoding = 4; lastKnownFileType = sourcecode.c.h; path = YYImageCoder.h; sourceTree = "<group>"; };
		3F8C0BC71CA18B15000F88D1 /* YYImageCoder.m */ = {isa = PBXFileReference; fileEncoding = 4; lastKnownFileType = sourcecode.c.objc; path = YYImageCoder.m; sourceTree = "<group>"; };
		3F8C0BC81CA18B15000F88D1 /* YYSpriteSheetImage.h */ = {isa = PBXFileReference; fileEncoding = 4; lastKnownFileType = sourcecode.c.h; path = YYSpriteSheetImage.h; sourceTree = "<group>"; };
		3F8C0BC91CA18B15000F88D1 /* YYSpriteSheetImage.m */ = {isa = PBXFileReference; fileEncoding = 4; lastKnownFileType = sourcecode.c.objc; path = YYSpriteSheetImage.m; sourceTree = "<group>"; };
		3F8C0BCA1CA18B15000F88D1 /* YYWebImageManager.h */ = {isa = PBXFileReference; fileEncoding = 4; lastKnownFileType = sourcecode.c.h; path = YYWebImageManager.h; sourceTree = "<group>"; };
		3F8C0BCB1CA18B15000F88D1 /* YYWebImageManager.m */ = {isa = PBXFileReference; fileEncoding = 4; lastKnownFileType = sourcecode.c.objc; path = YYWebImageManager.m; sourceTree = "<group>"; };
		3F8C0BCC1CA18B15000F88D1 /* YYWebImageOperation.h */ = {isa = PBXFileReference; fileEncoding = 4; lastKnownFileType = sourcecode.c.h; path = YYWebImageOperation.h; sourceTree = "<group>"; };
		3F8C0BCD1CA18B15000F88D1 /* YYWebImageOperation.m */ = {isa = PBXFileReference; fileEncoding = 4; lastKnownFileType = sourcecode.c.objc; path = YYWebImageOperation.m; sourceTree = "<group>"; };
		3F8C0BCF1CA18B15000F88D1 /* NSObject+YYModel.h */ = {isa = PBXFileReference; fileEncoding = 4; lastKnownFileType = sourcecode.c.h; path = "NSObject+YYModel.h"; sourceTree = "<group>"; };
		3F8C0BD01CA18B15000F88D1 /* NSObject+YYModel.m */ = {isa = PBXFileReference; fileEncoding = 4; lastKnownFileType = sourcecode.c.objc; path = "NSObject+YYModel.m"; sourceTree = "<group>"; };
		3F8C0BD11CA18B15000F88D1 /* YYClassInfo.h */ = {isa = PBXFileReference; fileEncoding = 4; lastKnownFileType = sourcecode.c.h; path = YYClassInfo.h; sourceTree = "<group>"; };
		3F8C0BD21CA18B15000F88D1 /* YYClassInfo.m */ = {isa = PBXFileReference; fileEncoding = 4; lastKnownFileType = sourcecode.c.objc; path = YYClassInfo.m; sourceTree = "<group>"; };
		3F8C0BD51CA18B15000F88D1 /* YYTextContainerView.h */ = {isa = PBXFileReference; fileEncoding = 4; lastKnownFileType = sourcecode.c.h; path = YYTextContainerView.h; sourceTree = "<group>"; };
		3F8C0BD61CA18B15000F88D1 /* YYTextContainerView.m */ = {isa = PBXFileReference; fileEncoding = 4; lastKnownFileType = sourcecode.c.objc; path = YYTextContainerView.m; sourceTree = "<group>"; };
		3F8C0BD71CA18B15000F88D1 /* YYTextDebugOption.h */ = {isa = PBXFileReference; fileEncoding = 4; lastKnownFileType = sourcecode.c.h; path = YYTextDebugOption.h; sourceTree = "<group>"; };
		3F8C0BD81CA18B15000F88D1 /* YYTextDebugOption.m */ = {isa = PBXFileReference; fileEncoding = 4; lastKnownFileType = sourcecode.c.objc; path = YYTextDebugOption.m; sourceTree = "<group>"; };
		3F8C0BD91CA18B15000F88D1 /* YYTextEffectWindow.h */ = {isa = PBXFileReference; fileEncoding = 4; lastKnownFileType = sourcecode.c.h; path = YYTextEffectWindow.h; sourceTree = "<group>"; };
		3F8C0BDA1CA18B15000F88D1 /* YYTextEffectWindow.m */ = {isa = PBXFileReference; fileEncoding = 4; lastKnownFileType = sourcecode.c.objc; path = YYTextEffectWindow.m; sourceTree = "<group>"; };
		3F8C0BDB1CA18B15000F88D1 /* YYTextInput.h */ = {isa = PBXFileReference; fileEncoding = 4; lastKnownFileType = sourcecode.c.h; path = YYTextInput.h; sourceTree = "<group>"; };
		3F8C0BDC1CA18B15000F88D1 /* YYTextInput.m */ = {isa = PBXFileReference; fileEncoding = 4; lastKnownFileType = sourcecode.c.objc; path = YYTextInput.m; sourceTree = "<group>"; };
		3F8C0BDD1CA18B15000F88D1 /* YYTextKeyboardManager.h */ = {isa = PBXFileReference; fileEncoding = 4; lastKnownFileType = sourcecode.c.h; path = YYTextKeyboardManager.h; sourceTree = "<group>"; };
		3F8C0BDE1CA18B15000F88D1 /* YYTextKeyboardManager.m */ = {isa = PBXFileReference; fileEncoding = 4; lastKnownFileType = sourcecode.c.objc; path = YYTextKeyboardManager.m; sourceTree = "<group>"; };
		3F8C0BDF1CA18B15000F88D1 /* YYTextLayout.h */ = {isa = PBXFileReference; fileEncoding = 4; lastKnownFileType = sourcecode.c.h; path = YYTextLayout.h; sourceTree = "<group>"; };
		3F8C0BE01CA18B15000F88D1 /* YYTextLayout.m */ = {isa = PBXFileReference; fileEncoding = 4; lastKnownFileType = sourcecode.c.objc; path = YYTextLayout.m; sourceTree = "<group>"; };
		3F8C0BE11CA18B15000F88D1 /* YYTextLine.h */ = {isa = PBXFileReference; fileEncoding = 4; lastKnownFileType = sourcecode.c.h; path = YYTextLine.h; sourceTree = "<group>"; };
		3F8C0BE21CA18B15000F88D1 /* YYTextLine.m */ = {isa = PBXFileReference; fileEncoding = 4; lastKnownFileType = sourcecode.c.objc; path = YYTextLine.m; sourceTree = "<group>"; };
		3F8C0BE31CA18B15000F88D1 /* YYTextMagnifier.h */ = {isa = PBXFileReference; fileEncoding = 4; lastKnownFileType = sourcecode.c.h; path = YYTextMagnifier.h; sourceTree = "<group>"; };
		3F8C0BE41CA18B15000F88D1 /* YYTextMagnifier.m */ = {isa = PBXFileReference; fileEncoding = 4; lastKnownFileType = sourcecode.c.objc; path = YYTextMagnifier.m; sourceTree = "<group>"; };
		3F8C0BE51CA18B15000F88D1 /* YYTextSelectionView.h */ = {isa = PBXFileReference; fileEncoding = 4; lastKnownFileType = sourcecode.c.h; path = YYTextSelectionView.h; sourceTree = "<group>"; };
		3F8C0BE61CA18B15000F88D1 /* YYTextSelectionView.m */ = {isa = PBXFileReference; fileEncoding = 4; lastKnownFileType = sourcecode.c.objc; path = YYTextSelectionView.m; sourceTree = "<group>"; };
		3F8C0BE81CA18B15000F88D1 /* NSAttributedString+YYText.h */ = {isa = PBXFileReference; fileEncoding = 4; lastKnownFileType = sourcecode.c.h; path = "NSAttributedString+YYText.h"; sourceTree = "<group>"; };
		3F8C0BE91CA18B15000F88D1 /* NSAttributedString+YYText.m */ = {isa = PBXFileReference; fileEncoding = 4; lastKnownFileType = sourcecode.c.objc; path = "NSAttributedString+YYText.m"; sourceTree = "<group>"; };
		3F8C0BEA1CA18B15000F88D1 /* NSParagraphStyle+YYText.h */ = {isa = PBXFileReference; fileEncoding = 4; lastKnownFileType = sourcecode.c.h; path = "NSParagraphStyle+YYText.h"; sourceTree = "<group>"; };
		3F8C0BEB1CA18B15000F88D1 /* NSParagraphStyle+YYText.m */ = {isa = PBXFileReference; fileEncoding = 4; lastKnownFileType = sourcecode.c.objc; path = "NSParagraphStyle+YYText.m"; sourceTree = "<group>"; };
		3F8C0BEC1CA18B15000F88D1 /* UIPasteboard+YYText.h */ = {isa = PBXFileReference; fileEncoding = 4; lastKnownFileType = sourcecode.c.h; path = "UIPasteboard+YYText.h"; sourceTree = "<group>"; };
		3F8C0BED1CA18B15000F88D1 /* UIPasteboard+YYText.m */ = {isa = PBXFileReference; fileEncoding = 4; lastKnownFileType = sourcecode.c.objc; path = "UIPasteboard+YYText.m"; sourceTree = "<group>"; };
		3F8C0BEE1CA18B15000F88D1 /* YYTextArchiver.h */ = {isa = PBXFileReference; fileEncoding = 4; lastKnownFileType = sourcecode.c.h; path = YYTextArchiver.h; sourceTree = "<group>"; };
		3F8C0BEF1CA18B15000F88D1 /* YYTextArchiver.m */ = {isa = PBXFileReference; fileEncoding = 4; lastKnownFileType = sourcecode.c.objc; path = YYTextArchiver.m; sourceTree = "<group>"; };
		3F8C0BF01CA18B15000F88D1 /* YYTextAttribute.h */ = {isa = PBXFileReference; fileEncoding = 4; lastKnownFileType = sourcecode.c.h; path = YYTextAttribute.h; sourceTree = "<group>"; };
		3F8C0BF11CA18B15000F88D1 /* YYTextAttribute.m */ = {isa = PBXFileReference; fileEncoding = 4; lastKnownFileType = sourcecode.c.objc; path = YYTextAttribute.m; sourceTree = "<group>"; };
		3F8C0BF21CA18B15000F88D1 /* YYTextParser.h */ = {isa = PBXFileReference; fileEncoding = 4; lastKnownFileType = sourcecode.c.h; path = YYTextParser.h; sourceTree = "<group>"; };
		3F8C0BF31CA18B15000F88D1 /* YYTextParser.m */ = {isa = PBXFileReference; fileEncoding = 4; lastKnownFileType = sourcecode.c.objc; path = YYTextParser.m; sourceTree = "<group>"; };
		3F8C0BF41CA18B15000F88D1 /* YYTextRubyAnnotation.h */ = {isa = PBXFileReference; fileEncoding = 4; lastKnownFileType = sourcecode.c.h; path = YYTextRubyAnnotation.h; sourceTree = "<group>"; };
		3F8C0BF51CA18B15000F88D1 /* YYTextRubyAnnotation.m */ = {isa = PBXFileReference; fileEncoding = 4; lastKnownFileType = sourcecode.c.objc; path = YYTextRubyAnnotation.m; sourceTree = "<group>"; };
		3F8C0BF61CA18B15000F88D1 /* YYTextRunDelegate.h */ = {isa = PBXFileReference; fileEncoding = 4; lastKnownFileType = sourcecode.c.h; path = YYTextRunDelegate.h; sourceTree = "<group>"; };
		3F8C0BF71CA18B15000F88D1 /* YYTextRunDelegate.m */ = {isa = PBXFileReference; fileEncoding = 4; lastKnownFileType = sourcecode.c.objc; path = YYTextRunDelegate.m; sourceTree = "<group>"; };
		3F8C0BF81CA18B15000F88D1 /* YYTextUtilities.h */ = {isa = PBXFileReference; fileEncoding = 4; lastKnownFileType = sourcecode.c.h; path = YYTextUtilities.h; sourceTree = "<group>"; };
		3F8C0BF91CA18B15000F88D1 /* YYTextUtilities.m */ = {isa = PBXFileReference; fileEncoding = 4; lastKnownFileType = sourcecode.c.objc; path = YYTextUtilities.m; sourceTree = "<group>"; };
		3F8C0BFA1CA18B15000F88D1 /* YYLabel.h */ = {isa = PBXFileReference; fileEncoding = 4; lastKnownFileType = sourcecode.c.h; path = YYLabel.h; sourceTree = "<group>"; };
		3F8C0BFB1CA18B15000F88D1 /* YYLabel.m */ = {isa = PBXFileReference; fileEncoding = 4; lastKnownFileType = sourcecode.c.objc; path = YYLabel.m; sourceTree = "<group>"; };
		3F8C0BFC1CA18B15000F88D1 /* YYTextView.h */ = {isa = PBXFileReference; fileEncoding = 4; lastKnownFileType = sourcecode.c.h; path = YYTextView.h; sourceTree = "<group>"; };
		3F8C0BFD1CA18B15000F88D1 /* YYTextView.m */ = {isa = PBXFileReference; fileEncoding = 4; lastKnownFileType = sourcecode.c.objc; path = YYTextView.m; sourceTree = "<group>"; };
		3F8C0BFF1CA18B15000F88D1 /* YYAsyncLayer.h */ = {isa = PBXFileReference; fileEncoding = 4; lastKnownFileType = sourcecode.c.h; path = YYAsyncLayer.h; sourceTree = "<group>"; };
		3F8C0C001CA18B15000F88D1 /* YYAsyncLayer.m */ = {isa = PBXFileReference; fileEncoding = 4; lastKnownFileType = sourcecode.c.objc; path = YYAsyncLayer.m; sourceTree = "<group>"; };
		3F8C0C011CA18B15000F88D1 /* YYDispatchQueuePool.h */ = {isa = PBXFileReference; fileEncoding = 4; lastKnownFileType = sourcecode.c.h; path = YYDispatchQueuePool.h; sourceTree = "<group>"; };
		3F8C0C021CA18B15000F88D1 /* YYDispatchQueuePool.m */ = {isa = PBXFileReference; fileEncoding = 4; lastKnownFileType = sourcecode.c.objc; path = YYDispatchQueuePool.m; sourceTree = "<group>"; };
		3F8C0C031CA18B15000F88D1 /* YYFileHash.h */ = {isa = PBXFileReference; fileEncoding = 4; lastKnownFileType = sourcecode.c.h; path = YYFileHash.h; sourceTree = "<group>"; };
		3F8C0C041CA18B15000F88D1 /* YYFileHash.m */ = {isa = PBXFileReference; fileEncoding = 4; lastKnownFileType = sourcecode.c.objc; path = YYFileHash.m; sourceTree = "<group>"; };
		3F8C0C051CA18B15000F88D1 /* YYGestureRecognizer.h */ = {isa = PBXFileReference; fileEncoding = 4; lastKnownFileType = sourcecode.c.h; path = YYGestureRecognizer.h; sourceTree = "<group>"; };
		3F8C0C061CA18B15000F88D1 /* YYGestureRecognizer.m */ = {isa = PBXFileReference; fileEncoding = 4; lastKnownFileType = sourcecode.c.objc; path = YYGestureRecognizer.m; sourceTree = "<group>"; };
		3F8C0C071CA18B15000F88D1 /* YYKeychain.h */ = {isa = PBXFileReference; fileEncoding = 4; lastKnownFileType = sourcecode.c.h; path = YYKeychain.h; sourceTree = "<group>"; };
		3F8C0C081CA18B15000F88D1 /* YYKeychain.m */ = {isa = PBXFileReference; fileEncoding = 4; lastKnownFileType = sourcecode.c.objc; path = YYKeychain.m; sourceTree = "<group>"; };
		3F8C0C091CA18B15000F88D1 /* YYReachability.h */ = {isa = PBXFileReference; fileEncoding = 4; lastKnownFileType = sourcecode.c.h; path = YYReachability.h; sourceTree = "<group>"; };
		3F8C0C0A1CA18B15000F88D1 /* YYReachability.m */ = {isa = PBXFileReference; fileEncoding = 4; lastKnownFileType = sourcecode.c.objc; path = YYReachability.m; sourceTree = "<group>"; };
		3F8C0C0B1CA18B15000F88D1 /* YYSentinel.h */ = {isa = PBXFileReference; fileEncoding = 4; lastKnownFileType = sourcecode.c.h; path = YYSentinel.h; sourceTree = "<group>"; };
		3F8C0C0C1CA18B15000F88D1 /* YYSentinel.m */ = {isa = PBXFileReference; fileEncoding = 4; lastKnownFileType = sourcecode.c.objc; path = YYSentinel.m; sourceTree = "<group>"; };
		3F8C0C0D1CA18B15000F88D1 /* YYThreadSafeArray.h */ = {isa = PBXFileReference; fileEncoding = 4; lastKnownFileType = sourcecode.c.h; path = YYThreadSafeArray.h; sourceTree = "<group>"; };
		3F8C0C0E1CA18B15000F88D1 /* YYThreadSafeArray.m */ = {isa = PBXFileReference; fileEncoding = 4; lastKnownFileType = sourcecode.c.objc; path = YYThreadSafeArray.m; sourceTree = "<group>"; };
		3F8C0C0F1CA18B15000F88D1 /* YYThreadSafeDictionary.h */ = {isa = PBXFileReference; fileEncoding = 4; lastKnownFileType = sourcecode.c.h; path = YYThreadSafeDictionary.h; sourceTree = "<group>"; };
		3F8C0C101CA18B15000F88D1 /* YYThreadSafeDictionary.m */ = {isa = PBXFileReference; fileEncoding = 4; lastKnownFileType = sourcecode.c.objc; path = YYThreadSafeDictionary.m; sourceTree = "<group>"; };
		3F8C0C111CA18B15000F88D1 /* YYTimer.h */ = {isa = PBXFileReference; fileEncoding = 4; lastKnownFileType = sourcecode.c.h; path = YYTimer.h; sourceTree = "<group>"; };
		3F8C0C121CA18B15000F88D1 /* YYTimer.m */ = {isa = PBXFileReference; fileEncoding = 4; lastKnownFileType = sourcecode.c.objc; path = YYTimer.m; sourceTree = "<group>"; };
		3F8C0C131CA18B15000F88D1 /* YYTransaction.h */ = {isa = PBXFileReference; fileEncoding = 4; lastKnownFileType = sourcecode.c.h; path = YYTransaction.h; sourceTree = "<group>"; };
		3F8C0C141CA18B15000F88D1 /* YYTransaction.m */ = {isa = PBXFileReference; fileEncoding = 4; lastKnownFileType = sourcecode.c.objc; path = YYTransaction.m; sourceTree = "<group>"; };
		3F8C0C151CA18B15000F88D1 /* YYWeakProxy.h */ = {isa = PBXFileReference; fileEncoding = 4; lastKnownFileType = sourcecode.c.h; path = YYWeakProxy.h; sourceTree = "<group>"; };
		3F8C0C161CA18B15000F88D1 /* YYWeakProxy.m */ = {isa = PBXFileReference; fileEncoding = 4; lastKnownFileType = sourcecode.c.objc; path = YYWeakProxy.m; sourceTree = "<group>"; };
		3F8C0C171CA18B15000F88D1 /* YYKit.h */ = {isa = PBXFileReference; fileEncoding = 4; lastKnownFileType = sourcecode.c.h; path = YYKit.h; sourceTree = "<group>"; };
		3F8C0C861CA18FDF000F88D1 /* AppMacro.h */ = {isa = PBXFileReference; fileEncoding = 4; lastKnownFileType = sourcecode.c.h; path = AppMacro.h; sourceTree = "<group>"; };
		3FA922F71CA8240900F1ABB8 /* Constants.h */ = {isa = PBXFileReference; lastKnownFileType = sourcecode.c.h; path = Constants.h; sourceTree = "<group>"; };
		3FA922F91CA8259D00F1ABB8 /* BaseViewController.h */ = {isa = PBXFileReference; fileEncoding = 4; lastKnownFileType = sourcecode.c.h; name = BaseViewController.h; path = ViewController/BaseViewController.h; sourceTree = "<group>"; };
		3FA922FA1CA8259D00F1ABB8 /* BaseViewController.m */ = {isa = PBXFileReference; fileEncoding = 4; lastKnownFileType = sourcecode.c.objc; name = BaseViewController.m; path = ViewController/BaseViewController.m; sourceTree = "<group>"; };
		3FA922FC1CA8260900F1ABB8 /* ViewController.h */ = {isa = PBXFileReference; fileEncoding = 4; lastKnownFileType = sourcecode.c.h; name = ViewController.h; path = ViewController/ViewController.h; sourceTree = "<group>"; };
		3FA922FD1CA8260900F1ABB8 /* ViewController.m */ = {isa = PBXFileReference; fileEncoding = 4; lastKnownFileType = sourcecode.c.objc; name = ViewController.m; path = ViewController/ViewController.m; sourceTree = "<group>"; };
		3FA922FF1CA826F000F1ABB8 /* UserViewController.h */ = {isa = PBXFileReference; fileEncoding = 4; lastKnownFileType = sourcecode.c.h; name = UserViewController.h; path = ViewController/UserViewController.h; sourceTree = "<group>"; };
		3FA923001CA826F000F1ABB8 /* UserViewController.m */ = {isa = PBXFileReference; fileEncoding = 4; lastKnownFileType = sourcecode.c.objc; name = UserViewController.m; path = ViewController/UserViewController.m; sourceTree = "<group>"; };
		3FA923031CA8293700F1ABB8 /* GKFadeNavigationController.h */ = {isa = PBXFileReference; fileEncoding = 4; lastKnownFileType = sourcecode.c.h; path = GKFadeNavigationController.h; sourceTree = "<group>"; };
		3FA923041CA8293700F1ABB8 /* GKFadeNavigationController.m */ = {isa = PBXFileReference; fileEncoding = 4; lastKnownFileType = sourcecode.c.objc; path = GKFadeNavigationController.m; sourceTree = "<group>"; };
/* End PBXFileReference section */

/* Begin PBXFrameworksBuildPhase section */
		3F7A7C161B731B91005D9564 /* Frameworks */ = {
			isa = PBXFrameworksBuildPhase;
			buildActionMask = 2147483647;
			files = (
				3F7A7C7B1B7336BE005D9564 /* Security.framework in Frameworks */,
				3F8C0C261CA18B15000F88D1 /* libWeChatSDK.a in Frameworks */,
				3F8C0C241CA18B15000F88D1 /* TencentOpenAPI.framework in Frameworks */,
				3F7A7C791B7336B9005D9564 /* libiconv.dylib in Frameworks */,
				3F7A7C771B7336B2005D9564 /* SystemConfiguration.framework in Frameworks */,
				3F7A7C751B7336AA005D9564 /* CoreGraphics.framework in Frameworks */,
				3F7A7C731B733696005D9564 /* CoreTelephony.framework in Frameworks */,
				3F7A7C711B733690005D9564 /* libstdc++.dylib in Frameworks */,
				3F7A7C6F1B733686005D9564 /* QuartzCore.framework in Frameworks */,
				3F7A7C6D1B733681005D9564 /* ImageIO.framework in Frameworks */,
				3F7A7C6B1B73367A005D9564 /* CoreText.framework in Frameworks */,
				3F7A7C691B733674005D9564 /* UIKit.framework in Frameworks */,
				3F8C0C201CA18B15000F88D1 /* libWeiboSDK.a in Frameworks */,
				3F7A7C671B733667005D9564 /* Foundation.framework in Frameworks */,
				3F7A7C651B73365A005D9564 /* libsqlite3.0.dylib in Frameworks */,
				3F7A7C631B733655005D9564 /* libc++.dylib in Frameworks */,
				3F7A7C611B73364C005D9564 /* libz.dylib in Frameworks */,
			);
			runOnlyForDeploymentPostprocessing = 0;
		};
/* End PBXFrameworksBuildPhase section */

/* Begin PBXGroup section */
		3F7A7C101B731B91005D9564 = {
			isa = PBXGroup;
			children = (
				3F8C0B2A1CA18B15000F88D1 /* WeChatStickers */,
				3F7A7C7C1B7336E6005D9564 /* Frameworks */,
				3F7A7C1A1B731B91005D9564 /* Products */,
			);
			sourceTree = "<group>";
		};
		3F7A7C1A1B731B91005D9564 /* Products */ = {
			isa = PBXGroup;
			children = (
				3F7A7C191B731B91005D9564 /* Stickers.app */,
			);
			name = Products;
			sourceTree = "<group>";
		};
		3F7A7C7C1B7336E6005D9564 /* Frameworks */ = {
			isa = PBXGroup;
			children = (
				3F7A7C7A1B7336BE005D9564 /* Security.framework */,
				3F7A7C781B7336B9005D9564 /* libiconv.dylib */,
				3F7A7C761B7336B2005D9564 /* SystemConfiguration.framework */,
				3F7A7C741B7336AA005D9564 /* CoreGraphics.framework */,
				3F7A7C721B733696005D9564 /* CoreTelephony.framework */,
				3F7A7C701B733690005D9564 /* libstdc++.dylib */,
				3F7A7C6E1B733686005D9564 /* QuartzCore.framework */,
				3F7A7C6C1B733681005D9564 /* ImageIO.framework */,
				3F7A7C6A1B73367A005D9564 /* CoreText.framework */,
				3F7A7C681B733673005D9564 /* UIKit.framework */,
				3F7A7C661B733667005D9564 /* Foundation.framework */,
				3F7A7C641B73365A005D9564 /* libsqlite3.0.dylib */,
				3F7A7C621B733655005D9564 /* libc++.dylib */,
				3F7A7C601B73364C005D9564 /* libz.dylib */,
			);
			name = Frameworks;
			sourceTree = "<group>";
		};
		3F8C0B2A1CA18B15000F88D1 /* WeChatStickers */ = {
			isa = PBXGroup;
			children = (
				3FA922F81CA8256400F1ABB8 /* ViewController */,
				3F8C0B2B1CA18B15000F88D1 /* AppDelegate.h */,
				3F8C0B2C1CA18B15000F88D1 /* AppDelegate.m */,
				3F8C0B2D1CA18B15000F88D1 /* LaunchScreen.xib */,
				3F8C0B311CA18B15000F88D1 /* Images.xcassets */,
				3F8C0B321CA18B15000F88D1 /* Info.plist */,
				3F8C0B331CA18B15000F88D1 /* main.m */,
				3F8C0C861CA18FDF000F88D1 /* AppMacro.h */,
				3F8C0B341CA18B15000F88D1 /* Vendor */,
				3FA922F71CA8240900F1ABB8 /* Constants.h */,
			);
			path = WeChatStickers;
			sourceTree = "<group>";
		};
		3F8C0B341CA18B15000F88D1 /* Vendor */ = {
			isa = PBXGroup;
			children = (
				3FA923021CA8293700F1ABB8 /* GKFadeNavigationController */,
				3F8C0B351CA18B15000F88D1 /* libWeiboSDK */,
				3F8C0B421CA18B15000F88D1 /* POHorizontalList */,
				3F8C0B481CA18B15000F88D1 /* Tencent */,
				3F8C0B4B1CA18B15000F88D1 /* Weixin */,
				3F8C0B4F1CA18B15000F88D1 /* XMShareView */,
				3F8C0B671CA18B15000F88D1 /* YYKit */,
			);
			path = Vendor;
			sourceTree = "<group>";
		};
		3F8C0B351CA18B15000F88D1 /* libWeiboSDK */ = {
			isa = PBXGroup;
			children = (
				3F8C0B361CA18B15000F88D1 /* libWeiboSDK.a */,
				3F8C0B371CA18B15000F88D1 /* WBHttpRequest+WeiboGame.h */,
				3F8C0B381CA18B15000F88D1 /* WBHttpRequest+WeiboShare.h */,
				3F8C0B391CA18B15000F88D1 /* WBHttpRequest+WeiboToken.h */,
				3F8C0B3A1CA18B15000F88D1 /* WBHttpRequest+WeiboUser.h */,
				3F8C0B3B1CA18B15000F88D1 /* WBHttpRequest.h */,
				3F8C0B3C1CA18B15000F88D1 /* WBSDKBasicButton.h */,
				3F8C0B3D1CA18B15000F88D1 /* WBSDKCommentButton.h */,
				3F8C0B3E1CA18B15000F88D1 /* WBSDKRelationshipButton.h */,
				3F8C0B3F1CA18B15000F88D1 /* WeiboSDK.bundle */,
				3F8C0B401CA18B15000F88D1 /* WeiboSDK.h */,
				3F8C0B411CA18B15000F88D1 /* WeiboUser.h */,
			);
			path = libWeiboSDK;
			sourceTree = "<group>";
		};
		3F8C0B421CA18B15000F88D1 /* POHorizontalList */ = {
			isa = PBXGroup;
			children = (
				3F8C0B431CA18B15000F88D1 /* ListItem.h */,
				3F8C0B441CA18B15000F88D1 /* ListItem.m */,
				3F8C0B451CA18B15000F88D1 /* POHorizontalList.h */,
				3F8C0B461CA18B15000F88D1 /* POHorizontalList.m */,
				3F8C0B471CA18B15000F88D1 /* POHorizontalListDelegate.h */,
			);
			path = POHorizontalList;
			sourceTree = "<group>";
		};
		3F8C0B481CA18B15000F88D1 /* Tencent */ = {
			isa = PBXGroup;
			children = (
				3F8C0B491CA18B15000F88D1 /* TencentOpenAPI.framework */,
				3F8C0B4A1CA18B15000F88D1 /* TencentOpenApi_IOS_Bundle.bundle */,
			);
			path = Tencent;
			sourceTree = "<group>";
		};
		3F8C0B4B1CA18B15000F88D1 /* Weixin */ = {
			isa = PBXGroup;
			children = (
				3F8C0B4C1CA18B15000F88D1 /* libWeChatSDK.a */,
				3F8C0B4D1CA18B15000F88D1 /* WXApi.h */,
				3F8C0B4E1CA18B15000F88D1 /* WXApiObject.h */,
			);
			path = Weixin;
			sourceTree = "<group>";
		};
		3F8C0B4F1CA18B15000F88D1 /* XMShareView */ = {
			isa = PBXGroup;
			children = (
				3F8C0B501CA18B15000F88D1 /* CommonMarco.h */,
				3F8C0B511CA18B15000F88D1 /* ExtView */,
				3F8C0B541CA18B15000F88D1 /* Resource */,
				3F8C0B5C1CA18B15000F88D1 /* ShareUtil */,
				3F8C0B651CA18B15000F88D1 /* XMShareView.h */,
				3F8C0B661CA18B15000F88D1 /* XMShareView.m */,
			);
			path = XMShareView;
			sourceTree = "<group>";
		};
		3F8C0B511CA18B15000F88D1 /* ExtView */ = {
			isa = PBXGroup;
			children = (
				3F8C0B521CA18B15000F88D1 /* VerticalUIButton.h */,
				3F8C0B531CA18B15000F88D1 /* VerticalUIButton.m */,
			);
			path = ExtView;
			sourceTree = "<group>";
		};
		3F8C0B541CA18B15000F88D1 /* Resource */ = {
			isa = PBXGroup;
			children = (
				3F8C0B551CA18B15000F88D1 /* 1.jpeg */,
				3F8C0B561CA18B15000F88D1 /* icon_share_moment@2x.png */,
				3F8C0B571CA18B15000F88D1 /* icon_share_qq@2x.png */,
				3F8C0B581CA18B15000F88D1 /* icon_share_qzone@2x.png */,
				3F8C0B591CA18B15000F88D1 /* icon_share_webo@2x.png */,
				3F8C0B5A1CA18B15000F88D1 /* icon_share_wechat@2x.png */,
				3F8C0B5B1CA18B15000F88D1 /* logo.jpg */,
			);
			path = Resource;
			sourceTree = "<group>";
		};
		3F8C0B5C1CA18B15000F88D1 /* ShareUtil */ = {
			isa = PBXGroup;
			children = (
				3F8C0B5D1CA18B15000F88D1 /* XMShareQQUtil.h */,
				3F8C0B5E1CA18B15000F88D1 /* XMShareQQUtil.m */,
				3F8C0B5F1CA18B15000F88D1 /* XMShareUtil.h */,
				3F8C0B601CA18B15000F88D1 /* XMShareUtil.m */,
				3F8C0B611CA18B15000F88D1 /* XMShareWechatUtil.h */,
				3F8C0B621CA18B15000F88D1 /* XMShareWechatUtil.m */,
				3F8C0B631CA18B15000F88D1 /* XMShareWeiboUtil.h */,
				3F8C0B641CA18B15000F88D1 /* XMShareWeiboUtil.m */,
			);
			path = ShareUtil;
			sourceTree = "<group>";
		};
		3F8C0B671CA18B15000F88D1 /* YYKit */ = {
			isa = PBXGroup;
			children = (
				3F8C0B681CA18B15000F88D1 /* Base */,
				3F8C0BA91CA18B15000F88D1 /* Cache */,
				3F8C0BB21CA18B15000F88D1 /* Image */,
				3F8C0BCE1CA18B15000F88D1 /* Model */,
				3F8C0BD31CA18B15000F88D1 /* Text */,
				3F8C0BFE1CA18B15000F88D1 /* Utility */,
				3F8C0C171CA18B15000F88D1 /* YYKit.h */,
			);
			path = YYKit;
			sourceTree = "<group>";
		};
		3F8C0B681CA18B15000F88D1 /* Base */ = {
			isa = PBXGroup;
			children = (
				3F8C0B691CA18B15000F88D1 /* Foundation */,
				3F8C0B861CA18B15000F88D1 /* Quartz */,
				3F8C0B8B1CA18B15000F88D1 /* UIKit */,
				3F8C0BA81CA18B15000F88D1 /* YYKitMacro.h */,
			);
			path = Base;
			sourceTree = "<group>";
		};
		3F8C0B691CA18B15000F88D1 /* Foundation */ = {
			isa = PBXGroup;
			children = (
				3F8C0B6A1CA18B15000F88D1 /* NSArray+YYAdd.h */,
				3F8C0B6B1CA18B15000F88D1 /* NSArray+YYAdd.m */,
				3F8C0B6C1CA18B15000F88D1 /* NSBundle+YYAdd.h */,
				3F8C0B6D1CA18B15000F88D1 /* NSBundle+YYAdd.m */,
				3F8C0B6E1CA18B15000F88D1 /* NSData+YYAdd.h */,
				3F8C0B6F1CA18B15000F88D1 /* NSData+YYAdd.m */,
				3F8C0B701CA18B15000F88D1 /* NSDate+YYAdd.h */,
				3F8C0B711CA18B15000F88D1 /* NSDate+YYAdd.m */,
				3F8C0B721CA18B15000F88D1 /* NSDictionary+YYAdd.h */,
				3F8C0B731CA18B15000F88D1 /* NSDictionary+YYAdd.m */,
				3F8C0B741CA18B15000F88D1 /* NSKeyedUnarchiver+YYAdd.h */,
				3F8C0B751CA18B15000F88D1 /* NSKeyedUnarchiver+YYAdd.m */,
				3F8C0B761CA18B15000F88D1 /* NSNotificationCenter+YYAdd.h */,
				3F8C0B771CA18B15000F88D1 /* NSNotificationCenter+YYAdd.m */,
				3F8C0B781CA18B15000F88D1 /* NSNumber+YYAdd.h */,
				3F8C0B791CA18B15000F88D1 /* NSNumber+YYAdd.m */,
				3F8C0B7A1CA18B15000F88D1 /* NSObject+YYAdd.h */,
				3F8C0B7B1CA18B15000F88D1 /* NSObject+YYAdd.m */,
				3F8C0B7C1CA18B15000F88D1 /* NSObject+YYAddForARC.h */,
				3F8C0B7D1CA18B15000F88D1 /* NSObject+YYAddForARC.m */,
				3F8C0B7E1CA18B15000F88D1 /* NSObject+YYAddForKVO.h */,
				3F8C0B7F1CA18B15000F88D1 /* NSObject+YYAddForKVO.m */,
				3F8C0B801CA18B15000F88D1 /* NSString+YYAdd.h */,
				3F8C0B811CA18B15000F88D1 /* NSString+YYAdd.m */,
				3F8C0B821CA18B15000F88D1 /* NSThread+YYAdd.h */,
				3F8C0B831CA18B15000F88D1 /* NSThread+YYAdd.m */,
				3F8C0B841CA18B15000F88D1 /* NSTimer+YYAdd.h */,
				3F8C0B851CA18B15000F88D1 /* NSTimer+YYAdd.m */,
			);
			path = Foundation;
			sourceTree = "<group>";
		};
		3F8C0B861CA18B15000F88D1 /* Quartz */ = {
			isa = PBXGroup;
			children = (
				3F8C0B871CA18B15000F88D1 /* CALayer+YYAdd.h */,
				3F8C0B881CA18B15000F88D1 /* CALayer+YYAdd.m */,
				3F8C0B891CA18B15000F88D1 /* YYCGUtilities.h */,
				3F8C0B8A1CA18B15000F88D1 /* YYCGUtilities.m */,
			);
			path = Quartz;
			sourceTree = "<group>";
		};
		3F8C0B8B1CA18B15000F88D1 /* UIKit */ = {
			isa = PBXGroup;
			children = (
				3F8C0B8C1CA18B15000F88D1 /* UIApplication+YYAdd.h */,
				3F8C0B8D1CA18B15000F88D1 /* UIApplication+YYAdd.m */,
				3F8C0B8E1CA18B15000F88D1 /* UIBarButtonItem+YYAdd.h */,
				3F8C0B8F1CA18B15000F88D1 /* UIBarButtonItem+YYAdd.m */,
				3F8C0B901CA18B15000F88D1 /* UIBezierPath+YYAdd.h */,
				3F8C0B911CA18B15000F88D1 /* UIBezierPath+YYAdd.m */,
				3F8C0B921CA18B15000F88D1 /* UIColor+YYAdd.h */,
				3F8C0B931CA18B15000F88D1 /* UIColor+YYAdd.m */,
				3F8C0B941CA18B15000F88D1 /* UIControl+YYAdd.h */,
				3F8C0B951CA18B15000F88D1 /* UIControl+YYAdd.m */,
				3F8C0B961CA18B15000F88D1 /* UIDevice+YYAdd.h */,
				3F8C0B971CA18B15000F88D1 /* UIDevice+YYAdd.m */,
				3F8C0B981CA18B15000F88D1 /* UIFont+YYAdd.h */,
				3F8C0B991CA18B15000F88D1 /* UIFont+YYAdd.m */,
				3F8C0B9A1CA18B15000F88D1 /* UIGestureRecognizer+YYAdd.h */,
				3F8C0B9B1CA18B15000F88D1 /* UIGestureRecognizer+YYAdd.m */,
				3F8C0B9C1CA18B15000F88D1 /* UIImage+YYAdd.h */,
				3F8C0B9D1CA18B15000F88D1 /* UIImage+YYAdd.m */,
				3F8C0B9E1CA18B15000F88D1 /* UIScreen+YYAdd.h */,
				3F8C0B9F1CA18B15000F88D1 /* UIScreen+YYAdd.m */,
				3F8C0BA01CA18B15000F88D1 /* UIScrollView+YYAdd.h */,
				3F8C0BA11CA18B15000F88D1 /* UIScrollView+YYAdd.m */,
				3F8C0BA21CA18B15000F88D1 /* UITableView+YYAdd.h */,
				3F8C0BA31CA18B15000F88D1 /* UITableView+YYAdd.m */,
				3F8C0BA41CA18B15000F88D1 /* UITextField+YYAdd.h */,
				3F8C0BA51CA18B15000F88D1 /* UITextField+YYAdd.m */,
				3F8C0BA61CA18B15000F88D1 /* UIView+YYAdd.h */,
				3F8C0BA71CA18B15000F88D1 /* UIView+YYAdd.m */,
			);
			path = UIKit;
			sourceTree = "<group>";
		};
		3F8C0BA91CA18B15000F88D1 /* Cache */ = {
			isa = PBXGroup;
			children = (
				3F8C0BAA1CA18B15000F88D1 /* YYCache.h */,
				3F8C0BAB1CA18B15000F88D1 /* YYCache.m */,
				3F8C0BAC1CA18B15000F88D1 /* YYDiskCache.h */,
				3F8C0BAD1CA18B15000F88D1 /* YYDiskCache.m */,
				3F8C0BAE1CA18B15000F88D1 /* YYKVStorage.h */,
				3F8C0BAF1CA18B15000F88D1 /* YYKVStorage.m */,
				3F8C0BB01CA18B15000F88D1 /* YYMemoryCache.h */,
				3F8C0BB11CA18B15000F88D1 /* YYMemoryCache.m */,
			);
			path = Cache;
			sourceTree = "<group>";
		};
		3F8C0BB21CA18B15000F88D1 /* Image */ = {
			isa = PBXGroup;
			children = (
				3F8C0BB31CA18B15000F88D1 /* Categories */,
				3F8C0BBE1CA18B15000F88D1 /* YYAnimatedImageView.h */,
				3F8C0BBF1CA18B15000F88D1 /* YYAnimatedImageView.m */,
				3F8C0BC01CA18B15000F88D1 /* YYFrameImage.h */,
				3F8C0BC11CA18B15000F88D1 /* YYFrameImage.m */,
				3F8C0BC21CA18B15000F88D1 /* YYImage.h */,
				3F8C0BC31CA18B15000F88D1 /* YYImage.m */,
				3F8C0BC41CA18B15000F88D1 /* YYImageCache.h */,
				3F8C0BC51CA18B15000F88D1 /* YYImageCache.m */,
				3F8C0BC61CA18B15000F88D1 /* YYImageCoder.h */,
				3F8C0BC71CA18B15000F88D1 /* YYImageCoder.m */,
				3F8C0BC81CA18B15000F88D1 /* YYSpriteSheetImage.h */,
				3F8C0BC91CA18B15000F88D1 /* YYSpriteSheetImage.m */,
				3F8C0BCA1CA18B15000F88D1 /* YYWebImageManager.h */,
				3F8C0BCB1CA18B15000F88D1 /* YYWebImageManager.m */,
				3F8C0BCC1CA18B15000F88D1 /* YYWebImageOperation.h */,
				3F8C0BCD1CA18B15000F88D1 /* YYWebImageOperation.m */,
			);
			path = Image;
			sourceTree = "<group>";
		};
		3F8C0BB31CA18B15000F88D1 /* Categories */ = {
			isa = PBXGroup;
			children = (
				3F8C0BB41CA18B15000F88D1 /* _YYWebImageSetter.h */,
				3F8C0BB51CA18B15000F88D1 /* _YYWebImageSetter.m */,
				3F8C0BB61CA18B15000F88D1 /* CALayer+YYWebImage.h */,
				3F8C0BB71CA18B15000F88D1 /* CALayer+YYWebImage.m */,
				3F8C0BB81CA18B15000F88D1 /* MKAnnotationView+YYWebImage.h */,
				3F8C0BB91CA18B15000F88D1 /* MKAnnotationView+YYWebImage.m */,
				3F8C0BBA1CA18B15000F88D1 /* UIButton+YYWebImage.h */,
				3F8C0BBB1CA18B15000F88D1 /* UIButton+YYWebImage.m */,
				3F8C0BBC1CA18B15000F88D1 /* UIImageView+YYWebImage.h */,
				3F8C0BBD1CA18B15000F88D1 /* UIImageView+YYWebImage.m */,
			);
			path = Categories;
			sourceTree = "<group>";
		};
		3F8C0BCE1CA18B15000F88D1 /* Model */ = {
			isa = PBXGroup;
			children = (
				3F8C0BCF1CA18B15000F88D1 /* NSObject+YYModel.h */,
				3F8C0BD01CA18B15000F88D1 /* NSObject+YYModel.m */,
				3F8C0BD11CA18B15000F88D1 /* YYClassInfo.h */,
				3F8C0BD21CA18B15000F88D1 /* YYClassInfo.m */,
			);
			path = Model;
			sourceTree = "<group>";
		};
		3F8C0BD31CA18B15000F88D1 /* Text */ = {
			isa = PBXGroup;
			children = (
				3F8C0BD41CA18B15000F88D1 /* Component */,
				3F8C0BE71CA18B15000F88D1 /* String */,
				3F8C0BFA1CA18B15000F88D1 /* YYLabel.h */,
				3F8C0BFB1CA18B15000F88D1 /* YYLabel.m */,
				3F8C0BFC1CA18B15000F88D1 /* YYTextView.h */,
				3F8C0BFD1CA18B15000F88D1 /* YYTextView.m */,
			);
			path = Text;
			sourceTree = "<group>";
		};
		3F8C0BD41CA18B15000F88D1 /* Component */ = {
			isa = PBXGroup;
			children = (
				3F8C0BD51CA18B15000F88D1 /* YYTextContainerView.h */,
				3F8C0BD61CA18B15000F88D1 /* YYTextContainerView.m */,
				3F8C0BD71CA18B15000F88D1 /* YYTextDebugOption.h */,
				3F8C0BD81CA18B15000F88D1 /* YYTextDebugOption.m */,
				3F8C0BD91CA18B15000F88D1 /* YYTextEffectWindow.h */,
				3F8C0BDA1CA18B15000F88D1 /* YYTextEffectWindow.m */,
				3F8C0BDB1CA18B15000F88D1 /* YYTextInput.h */,
				3F8C0BDC1CA18B15000F88D1 /* YYTextInput.m */,
				3F8C0BDD1CA18B15000F88D1 /* YYTextKeyboardManager.h */,
				3F8C0BDE1CA18B15000F88D1 /* YYTextKeyboardManager.m */,
				3F8C0BDF1CA18B15000F88D1 /* YYTextLayout.h */,
				3F8C0BE01CA18B15000F88D1 /* YYTextLayout.m */,
				3F8C0BE11CA18B15000F88D1 /* YYTextLine.h */,
				3F8C0BE21CA18B15000F88D1 /* YYTextLine.m */,
				3F8C0BE31CA18B15000F88D1 /* YYTextMagnifier.h */,
				3F8C0BE41CA18B15000F88D1 /* YYTextMagnifier.m */,
				3F8C0BE51CA18B15000F88D1 /* YYTextSelectionView.h */,
				3F8C0BE61CA18B15000F88D1 /* YYTextSelectionView.m */,
			);
			path = Component;
			sourceTree = "<group>";
		};
		3F8C0BE71CA18B15000F88D1 /* String */ = {
			isa = PBXGroup;
			children = (
				3F8C0BE81CA18B15000F88D1 /* NSAttributedString+YYText.h */,
				3F8C0BE91CA18B15000F88D1 /* NSAttributedString+YYText.m */,
				3F8C0BEA1CA18B15000F88D1 /* NSParagraphStyle+YYText.h */,
				3F8C0BEB1CA18B15000F88D1 /* NSParagraphStyle+YYText.m */,
				3F8C0BEC1CA18B15000F88D1 /* UIPasteboard+YYText.h */,
				3F8C0BED1CA18B15000F88D1 /* UIPasteboard+YYText.m */,
				3F8C0BEE1CA18B15000F88D1 /* YYTextArchiver.h */,
				3F8C0BEF1CA18B15000F88D1 /* YYTextArchiver.m */,
				3F8C0BF01CA18B15000F88D1 /* YYTextAttribute.h */,
				3F8C0BF11CA18B15000F88D1 /* YYTextAttribute.m */,
				3F8C0BF21CA18B15000F88D1 /* YYTextParser.h */,
				3F8C0BF31CA18B15000F88D1 /* YYTextParser.m */,
				3F8C0BF41CA18B15000F88D1 /* YYTextRubyAnnotation.h */,
				3F8C0BF51CA18B15000F88D1 /* YYTextRubyAnnotation.m */,
				3F8C0BF61CA18B15000F88D1 /* YYTextRunDelegate.h */,
				3F8C0BF71CA18B15000F88D1 /* YYTextRunDelegate.m */,
				3F8C0BF81CA18B15000F88D1 /* YYTextUtilities.h */,
				3F8C0BF91CA18B15000F88D1 /* YYTextUtilities.m */,
			);
			path = String;
			sourceTree = "<group>";
		};
		3F8C0BFE1CA18B15000F88D1 /* Utility */ = {
			isa = PBXGroup;
			children = (
				3F8C0BFF1CA18B15000F88D1 /* YYAsyncLayer.h */,
				3F8C0C001CA18B15000F88D1 /* YYAsyncLayer.m */,
				3F8C0C011CA18B15000F88D1 /* YYDispatchQueuePool.h */,
				3F8C0C021CA18B15000F88D1 /* YYDispatchQueuePool.m */,
				3F8C0C031CA18B15000F88D1 /* YYFileHash.h */,
				3F8C0C041CA18B15000F88D1 /* YYFileHash.m */,
				3F8C0C051CA18B15000F88D1 /* YYGestureRecognizer.h */,
				3F8C0C061CA18B15000F88D1 /* YYGestureRecognizer.m */,
				3F8C0C071CA18B15000F88D1 /* YYKeychain.h */,
				3F8C0C081CA18B15000F88D1 /* YYKeychain.m */,
				3F8C0C091CA18B15000F88D1 /* YYReachability.h */,
				3F8C0C0A1CA18B15000F88D1 /* YYReachability.m */,
				3F8C0C0B1CA18B15000F88D1 /* YYSentinel.h */,
				3F8C0C0C1CA18B15000F88D1 /* YYSentinel.m */,
				3F8C0C0D1CA18B15000F88D1 /* YYThreadSafeArray.h */,
				3F8C0C0E1CA18B15000F88D1 /* YYThreadSafeArray.m */,
				3F8C0C0F1CA18B15000F88D1 /* YYThreadSafeDictionary.h */,
				3F8C0C101CA18B15000F88D1 /* YYThreadSafeDictionary.m */,
				3F8C0C111CA18B15000F88D1 /* YYTimer.h */,
				3F8C0C121CA18B15000F88D1 /* YYTimer.m */,
				3F8C0C131CA18B15000F88D1 /* YYTransaction.h */,
				3F8C0C141CA18B15000F88D1 /* YYTransaction.m */,
				3F8C0C151CA18B15000F88D1 /* YYWeakProxy.h */,
				3F8C0C161CA18B15000F88D1 /* YYWeakProxy.m */,
			);
			path = Utility;
			sourceTree = "<group>";
		};
		3FA922F81CA8256400F1ABB8 /* ViewController */ = {
			isa = PBXGroup;
			children = (
				3FA922FC1CA8260900F1ABB8 /* ViewController.h */,
				3FA922FD1CA8260900F1ABB8 /* ViewController.m */,
				3FA922F91CA8259D00F1ABB8 /* BaseViewController.h */,
				3FA922FA1CA8259D00F1ABB8 /* BaseViewController.m */,
				3FA922FF1CA826F000F1ABB8 /* UserViewController.h */,
				3FA923001CA826F000F1ABB8 /* UserViewController.m */,
			);
			name = ViewController;
			sourceTree = "<group>";
		};
		3FA923021CA8293700F1ABB8 /* GKFadeNavigationController */ = {
			isa = PBXGroup;
			children = (
				3FA923031CA8293700F1ABB8 /* GKFadeNavigationController.h */,
				3FA923041CA8293700F1ABB8 /* GKFadeNavigationController.m */,
			);
			path = GKFadeNavigationController;
			sourceTree = "<group>";
		};
/* End PBXGroup section */

/* Begin PBXNativeTarget section */
		3F7A7C181B731B91005D9564 /* WeChatStickers */ = {
			isa = PBXNativeTarget;
			buildConfigurationList = 3F7A7C3C1B731B91005D9564 /* Build configuration list for PBXNativeTarget "WeChatStickers" */;
			buildPhases = (
				3F7A7C151B731B91005D9564 /* Sources */,
				3F7A7C161B731B91005D9564 /* Frameworks */,
				3F7A7C171B731B91005D9564 /* Resources */,
			);
			buildRules = (
			);
			dependencies = (
			);
			name = WeChatStickers;
			productName = XMShare;
			productReference = 3F7A7C191B731B91005D9564 /* Stickers.app */;
			productType = "com.apple.product-type.application";
		};
/* End PBXNativeTarget section */

/* Begin PBXProject section */
		3F7A7C111B731B91005D9564 /* Project object */ = {
			isa = PBXProject;
			attributes = {
				LastUpgradeCheck = 0640;
				ORGANIZATIONNAME = GodPlace;
				TargetAttributes = {
					3F7A7C181B731B91005D9564 = {
						CreatedOnToolsVersion = 6.4;
						DevelopmentTeam = VTBQB83AWS;
					};
				};
			};
			buildConfigurationList = 3F7A7C141B731B91005D9564 /* Build configuration list for PBXProject "WeChatStickers" */;
			compatibilityVersion = "Xcode 3.2";
			developmentRegion = English;
			hasScannedForEncodings = 0;
			knownRegions = (
				en,
				Base,
			);
			mainGroup = 3F7A7C101B731B91005D9564;
			productRefGroup = 3F7A7C1A1B731B91005D9564 /* Products */;
			projectDirPath = "";
			projectRoot = "";
			targets = (
				3F7A7C181B731B91005D9564 /* WeChatStickers */,
			);
		};
/* End PBXProject section */

/* Begin PBXResourcesBuildPhase section */
		3F7A7C171B731B91005D9564 /* Resources */ = {
			isa = PBXResourcesBuildPhase;
			buildActionMask = 2147483647;
			files = (
				3F8C0C281CA18B15000F88D1 /* 1.jpeg in Resources */,
				3F8C0C251CA18B15000F88D1 /* TencentOpenApi_IOS_Bundle.bundle in Resources */,
				3F8C0C1E1CA18B15000F88D1 /* Info.plist in Resources */,
				3F8C0C2D1CA18B15000F88D1 /* icon_share_wechat@2x.png in Resources */,
				3F8C0C1D1CA18B15000F88D1 /* Images.xcassets in Resources */,
				3F8C0C211CA18B15000F88D1 /* WeiboSDK.bundle in Resources */,
				3F8C0C1B1CA18B15000F88D1 /* LaunchScreen.xib in Resources */,
				3F8C0C2C1CA18B15000F88D1 /* icon_share_webo@2x.png in Resources */,
				3F8C0C2B1CA18B15000F88D1 /* icon_share_qzone@2x.png in Resources */,
				3F8C0C291CA18B15000F88D1 /* icon_share_moment@2x.png in Resources */,
				3F8C0C2E1CA18B15000F88D1 /* logo.jpg in Resources */,
				3F8C0C2A1CA18B15000F88D1 /* icon_share_qq@2x.png in Resources */,
			);
			runOnlyForDeploymentPostprocessing = 0;
		};
/* End PBXResourcesBuildPhase section */

/* Begin PBXSourcesBuildPhase section */
		3F7A7C151B731B91005D9564 /* Sources */ = {
			isa = PBXSourcesBuildPhase;
			buildActionMask = 2147483647;
			files = (
				3F8C0C311CA18B15000F88D1 /* XMShareWechatUtil.m in Sources */,
				3F8C0C621CA18B15000F88D1 /* YYWebImageOperation.m in Sources */,
				3F8C0C771CA18B15000F88D1 /* YYLabel.m in Sources */,
				3F8C0C6F1CA18B15000F88D1 /* NSParagraphStyle+YYText.m in Sources */,
				3F8C0C3F1CA18B15000F88D1 /* NSString+YYAdd.m in Sources */,
				3F8C0C741CA18B15000F88D1 /* YYTextRubyAnnotation.m in Sources */,
				3F8C0C7C1CA18B15000F88D1 /* YYGestureRecognizer.m in Sources */,
				3F8C0C381CA18B15000F88D1 /* NSDictionary+YYAdd.m in Sources */,
				3F8C0C331CA18B15000F88D1 /* XMShareView.m in Sources */,
				3F8C0C501CA18B15000F88D1 /* UITextField+YYAdd.m in Sources */,
				3F8C0C2F1CA18B15000F88D1 /* XMShareQQUtil.m in Sources */,
				3F8C0C471CA18B15000F88D1 /* UIColor+YYAdd.m in Sources */,
				3F8C0C391CA18B15000F88D1 /* NSKeyedUnarchiver+YYAdd.m in Sources */,
				3F8C0C7E1CA18B15000F88D1 /* YYReachability.m in Sources */,
				3F8C0C511CA18B15000F88D1 /* UIView+YYAdd.m in Sources */,
				3F8C0C6E1CA18B15000F88D1 /* NSAttributedString+YYText.m in Sources */,
				3F8C0C401CA18B15000F88D1 /* NSThread+YYAdd.m in Sources */,
				3F8C0C1F1CA18B15000F88D1 /* main.m in Sources */,
				3F8C0C581CA18B15000F88D1 /* MKAnnotationView+YYWebImage.m in Sources */,
				3F8C0C781CA18B15000F88D1 /* YYTextView.m in Sources */,
				3F8C0C661CA18B15000F88D1 /* YYTextDebugOption.m in Sources */,
				3F8C0C6A1CA18B15000F88D1 /* YYTextLayout.m in Sources */,
				3F8C0C651CA18B15000F88D1 /* YYTextContainerView.m in Sources */,
				3F8C0C6D1CA18B15000F88D1 /* YYTextSelectionView.m in Sources */,
				3FA922FE1CA8260900F1ABB8 /* ViewController.m in Sources */,
				3F8C0C4B1CA18B15000F88D1 /* UIGestureRecognizer+YYAdd.m in Sources */,
				3F8C0C321CA18B15000F88D1 /* XMShareWeiboUtil.m in Sources */,
				3F8C0C271CA18B15000F88D1 /* VerticalUIButton.m in Sources */,
				3F8C0C411CA18B15000F88D1 /* NSTimer+YYAdd.m in Sources */,
				3F8C0C531CA18B15000F88D1 /* YYDiskCache.m in Sources */,
				3F8C0C541CA18B15000F88D1 /* YYKVStorage.m in Sources */,
				3F8C0C5C1CA18B15000F88D1 /* YYFrameImage.m in Sources */,
				3F8C0C601CA18B15000F88D1 /* YYSpriteSheetImage.m in Sources */,
				3F8C0C3E1CA18B15000F88D1 /* NSObject+YYAddForKVO.m in Sources */,
				3F8C0C5A1CA18B15000F88D1 /* UIImageView+YYWebImage.m in Sources */,
				3F8C0C571CA18B15000F88D1 /* CALayer+YYWebImage.m in Sources */,
				3F8C0C301CA18B15000F88D1 /* XMShareUtil.m in Sources */,
				3F8C0C701CA18B15000F88D1 /* UIPasteboard+YYText.m in Sources */,
				3F8C0C751CA18B15000F88D1 /* YYTextRunDelegate.m in Sources */,
				3F8C0C421CA18B15000F88D1 /* CALayer+YYAdd.m in Sources */,
				3F8C0C1A1CA18B15000F88D1 /* AppDelegate.m in Sources */,
				3F8C0C791CA18B15000F88D1 /* YYAsyncLayer.m in Sources */,
				3F8C0C371CA18B15000F88D1 /* NSDate+YYAdd.m in Sources */,
				3F8C0C7D1CA18B15000F88D1 /* YYKeychain.m in Sources */,
				3F8C0C351CA18B15000F88D1 /* NSBundle+YYAdd.m in Sources */,
				3F8C0C831CA18B15000F88D1 /* YYTransaction.m in Sources */,
				3F8C0C5E1CA18B15000F88D1 /* YYImageCache.m in Sources */,
				3F8C0C4D1CA18B15000F88D1 /* UIScreen+YYAdd.m in Sources */,
				3F8C0C3D1CA18B15000F88D1 /* NSObject+YYAddForARC.m in Sources */,
				3FA923051CA8293700F1ABB8 /* GKFadeNavigationController.m in Sources */,
				3F8C0C681CA18B15000F88D1 /* YYTextInput.m in Sources */,
				3F8C0C5D1CA18B15000F88D1 /* YYImage.m in Sources */,
				3F8C0C451CA18B15000F88D1 /* UIBarButtonItem+YYAdd.m in Sources */,
				3F8C0C5B1CA18B15000F88D1 /* YYAnimatedImageView.m in Sources */,
				3F8C0C631CA18B15000F88D1 /* NSObject+YYModel.m in Sources */,
				3F8C0C7B1CA18B15000F88D1 /* YYFileHash.m in Sources */,
				3F8C0C5F1CA18B15000F88D1 /* YYImageCoder.m in Sources */,
				3F8C0C641CA18B15000F88D1 /* YYClassInfo.m in Sources */,
				3F8C0C711CA18B15000F88D1 /* YYTextArchiver.m in Sources */,
				3F8C0C3C1CA18B15000F88D1 /* NSObject+YYAdd.m in Sources */,
				3F8C0C611CA18B15000F88D1 /* YYWebImageManager.m in Sources */,
				3F8C0C4A1CA18B15000F88D1 /* UIFont+YYAdd.m in Sources */,
				3F8C0C801CA18B15000F88D1 /* YYThreadSafeArray.m in Sources */,
				3F8C0C671CA18B15000F88D1 /* YYTextEffectWindow.m in Sources */,
				3F8C0C461CA18B15000F88D1 /* UIBezierPath+YYAdd.m in Sources */,
				3F8C0C551CA18B15000F88D1 /* YYMemoryCache.m in Sources */,
				3F8C0C7A1CA18B15000F88D1 /* YYDispatchQueuePool.m in Sources */,
				3F8C0C441CA18B15000F88D1 /* UIApplication+YYAdd.m in Sources */,
				3F8C0C3A1CA18B15000F88D1 /* NSNotificationCenter+YYAdd.m in Sources */,
				3F8C0C3B1CA18B15000F88D1 /* NSNumber+YYAdd.m in Sources */,
				3FA923011CA826F000F1ABB8 /* UserViewController.m in Sources */,
				3F8C0C231CA18B15000F88D1 /* POHorizontalList.m in Sources */,
				3F8C0C4E1CA18B15000F88D1 /* UIScrollView+YYAdd.m in Sources */,
				3F8C0C341CA18B15000F88D1 /* NSArray+YYAdd.m in Sources */,
				3F8C0C691CA18B15000F88D1 /* YYTextKeyboardManager.m in Sources */,
				3F8C0C761CA18B15000F88D1 /* YYTextUtilities.m in Sources */,
				3F8C0C4C1CA18B15000F88D1 /* UIImage+YYAdd.m in Sources */,
				3F8C0C361CA18B15000F88D1 /* NSData+YYAdd.m in Sources */,
				3F8C0C591CA18B15000F88D1 /* UIButton+YYWebImage.m in Sources */,
				3F8C0C521CA18B15000F88D1 /* YYCache.m in Sources */,
				3F8C0C561CA18B15000F88D1 /* _YYWebImageSetter.m in Sources */,
				3FA922FB1CA8259D00F1ABB8 /* BaseViewController.m in Sources */,
				3F8C0C731CA18B15000F88D1 /* YYTextParser.m in Sources */,
				3F8C0C6C1CA18B15000F88D1 /* YYTextMagnifier.m in Sources */,
				3F8C0C821CA18B15000F88D1 /* YYTimer.m in Sources */,
				3F8C0C431CA18B15000F88D1 /* YYCGUtilities.m in Sources */,
				3F8C0C221CA18B15000F88D1 /* ListItem.m in Sources */,
				3F8C0C4F1CA18B15000F88D1 /* UITableView+YYAdd.m in Sources */,
				3F8C0C811CA18B15000F88D1 /* YYThreadSafeDictionary.m in Sources */,
				3F8C0C841CA18B15000F88D1 /* YYWeakProxy.m in Sources */,
				3F8C0C7F1CA18B15000F88D1 /* YYSentinel.m in Sources */,
				3F8C0C721CA18B15000F88D1 /* YYTextAttribute.m in Sources */,
				3F8C0C481CA18B15000F88D1 /* UIControl+YYAdd.m in Sources */,
				3F8C0C6B1CA18B15000F88D1 /* YYTextLine.m in Sources */,
				3F8C0C491CA18B15000F88D1 /* UIDevice+YYAdd.m in Sources */,
			);
			runOnlyForDeploymentPostprocessing = 0;
		};
/* End PBXSourcesBuildPhase section */

/* Begin PBXVariantGroup section */
		3F8C0B2D1CA18B15000F88D1 /* LaunchScreen.xib */ = {
			isa = PBXVariantGroup;
			children = (
				3F8C0B2E1CA18B15000F88D1 /* Base */,
			);
			name = LaunchScreen.xib;
			sourceTree = "<group>";
		};
/* End PBXVariantGroup section */

/* Begin XCBuildConfiguration section */
		3F7A7C3A1B731B91005D9564 /* Debug */ = {
			isa = XCBuildConfiguration;
			buildSettings = {
				ALWAYS_SEARCH_USER_PATHS = NO;
				CLANG_CXX_LANGUAGE_STANDARD = "gnu++0x";
				CLANG_CXX_LIBRARY = "libc++";
				CLANG_ENABLE_MODULES = YES;
				CLANG_ENABLE_OBJC_ARC = YES;
				CLANG_WARN_BOOL_CONVERSION = YES;
				CLANG_WARN_CONSTANT_CONVERSION = YES;
				CLANG_WARN_DIRECT_OBJC_ISA_USAGE = YES_ERROR;
				CLANG_WARN_EMPTY_BODY = YES;
				CLANG_WARN_ENUM_CONVERSION = YES;
				CLANG_WARN_INT_CONVERSION = YES;
				CLANG_WARN_OBJC_ROOT_CLASS = YES_ERROR;
				CLANG_WARN_UNREACHABLE_CODE = YES;
				CLANG_WARN__DUPLICATE_METHOD_MATCH = YES;
				"CODE_SIGN_IDENTITY[sdk=iphoneos*]" = "iPhone Developer";
				COPY_PHASE_STRIP = NO;
				DEBUG_INFORMATION_FORMAT = "dwarf-with-dsym";
				ENABLE_STRICT_OBJC_MSGSEND = YES;
				GCC_C_LANGUAGE_STANDARD = gnu99;
				GCC_DYNAMIC_NO_PIC = NO;
				GCC_NO_COMMON_BLOCKS = YES;
				GCC_OPTIMIZATION_LEVEL = 0;
				GCC_PREPROCESSOR_DEFINITIONS = (
					"DEBUG=1",
					"$(inherited)",
				);
				GCC_SYMBOLS_PRIVATE_EXTERN = NO;
				GCC_WARN_64_TO_32_BIT_CONVERSION = YES;
				GCC_WARN_ABOUT_RETURN_TYPE = YES_ERROR;
				GCC_WARN_UNDECLARED_SELECTOR = YES;
				GCC_WARN_UNINITIALIZED_AUTOS = YES_AGGRESSIVE;
				GCC_WARN_UNUSED_FUNCTION = YES;
				GCC_WARN_UNUSED_VARIABLE = YES;
				IPHONEOS_DEPLOYMENT_TARGET = 8.4;
				MTL_ENABLE_DEBUG_INFO = YES;
				ONLY_ACTIVE_ARCH = YES;
				SDKROOT = iphoneos;
			};
			name = Debug;
		};
		3F7A7C3B1B731B91005D9564 /* Release */ = {
			isa = XCBuildConfiguration;
			buildSettings = {
				ALWAYS_SEARCH_USER_PATHS = NO;
				CLANG_CXX_LANGUAGE_STANDARD = "gnu++0x";
				CLANG_CXX_LIBRARY = "libc++";
				CLANG_ENABLE_MODULES = YES;
				CLANG_ENABLE_OBJC_ARC = YES;
				CLANG_WARN_BOOL_CONVERSION = YES;
				CLANG_WARN_CONSTANT_CONVERSION = YES;
				CLANG_WARN_DIRECT_OBJC_ISA_USAGE = YES_ERROR;
				CLANG_WARN_EMPTY_BODY = YES;
				CLANG_WARN_ENUM_CONVERSION = YES;
				CLANG_WARN_INT_CONVERSION = YES;
				CLANG_WARN_OBJC_ROOT_CLASS = YES_ERROR;
				CLANG_WARN_UNREACHABLE_CODE = YES;
				CLANG_WARN__DUPLICATE_METHOD_MATCH = YES;
				"CODE_SIGN_IDENTITY[sdk=iphoneos*]" = "iPhone Developer";
				COPY_PHASE_STRIP = NO;
				DEBUG_INFORMATION_FORMAT = "dwarf-with-dsym";
				ENABLE_NS_ASSERTIONS = NO;
				ENABLE_STRICT_OBJC_MSGSEND = YES;
				GCC_C_LANGUAGE_STANDARD = gnu99;
				GCC_NO_COMMON_BLOCKS = YES;
				GCC_WARN_64_TO_32_BIT_CONVERSION = YES;
				GCC_WARN_ABOUT_RETURN_TYPE = YES_ERROR;
				GCC_WARN_UNDECLARED_SELECTOR = YES;
				GCC_WARN_UNINITIALIZED_AUTOS = YES_AGGRESSIVE;
				GCC_WARN_UNUSED_FUNCTION = YES;
				GCC_WARN_UNUSED_VARIABLE = YES;
				IPHONEOS_DEPLOYMENT_TARGET = 8.4;
				MTL_ENABLE_DEBUG_INFO = NO;
				SDKROOT = iphoneos;
				VALIDATE_PRODUCT = YES;
			};
			name = Release;
		};
		3F7A7C3D1B731B91005D9564 /* Debug */ = {
			isa = XCBuildConfiguration;
			buildSettings = {
				ASSETCATALOG_COMPILER_APPICON_NAME = AppIcon;
				CODE_SIGN_IDENTITY = "iPhone Developer";
				ENABLE_BITCODE = NO;
				FRAMEWORK_SEARCH_PATHS = (
					"$(inherited)",
					"$(PROJECT_DIR)/XMShare/Vendor/Tencent",
					"$(PROJECT_DIR)/WeChatStickers/Vendor/Tencent",
				);
				INFOPLIST_FILE = WeChatStickers/Info.plist;
				LD_RUNPATH_SEARCH_PATHS = "$(inherited) @executable_path/Frameworks";
				LIBRARY_SEARCH_PATHS = (
					"$(inherited)",
					"$(PROJECT_DIR)/XMShare/Vendor/libWeiboSDK",
					"$(PROJECT_DIR)/XMShare/Vendor/Weixin",
					"$(PROJECT_DIR)/WeChatStickers/Vendor/libWeiboSDK",
					"$(PROJECT_DIR)/WeChatStickers/Vendor/Weixin",
				);
				OTHER_LDFLAGS = "-ObjC";
				PRODUCT_BUNDLE_IDENTIFIER = com.amonxu.funweixin;
				PRODUCT_NAME = Stickers;
			};
			name = Debug;
		};
		3F7A7C3E1B731B91005D9564 /* Release */ = {
			isa = XCBuildConfiguration;
			buildSettings = {
				ASSETCATALOG_COMPILER_APPICON_NAME = AppIcon;
				CODE_SIGN_IDENTITY = "iPhone Developer";
				ENABLE_BITCODE = NO;
				FRAMEWORK_SEARCH_PATHS = (
					"$(inherited)",
					"$(PROJECT_DIR)/XMShare/Vendor/Tencent",
					"$(PROJECT_DIR)/WeChatStickers/Vendor/Tencent",
				);
				INFOPLIST_FILE = WeChatStickers/Info.plist;
				LD_RUNPATH_SEARCH_PATHS = "$(inherited) @executable_path/Frameworks";
				LIBRARY_SEARCH_PATHS = (
					"$(inherited)",
					"$(PROJECT_DIR)/XMShare/Vendor/libWeiboSDK",
					"$(PROJECT_DIR)/XMShare/Vendor/Weixin",
					"$(PROJECT_DIR)/WeChatStickers/Vendor/libWeiboSDK",
					"$(PROJECT_DIR)/WeChatStickers/Vendor/Weixin",
				);
				OTHER_LDFLAGS = "-ObjC";
				PRODUCT_BUNDLE_IDENTIFIER = com.amonxu.funweixin;
				PRODUCT_NAME = Stickers;
			};
			name = Release;
		};
/* End XCBuildConfiguration section */

/* Begin XCConfigurationList section */
		3F7A7C141B731B91005D9564 /* Build configuration list for PBXProject "WeChatStickers" */ = {
			isa = XCConfigurationList;
			buildConfigurations = (
				3F7A7C3A1B731B91005D9564 /* Debug */,
				3F7A7C3B1B731B91005D9564 /* Release */,
			);
			defaultConfigurationIsVisible = 0;
			defaultConfigurationName = Release;
		};
		3F7A7C3C1B731B91005D9564 /* Build configuration list for PBXNativeTarget "WeChatStickers" */ = {
			isa = XCConfigurationList;
			buildConfigurations = (
				3F7A7C3D1B731B91005D9564 /* Debug */,
				3F7A7C3E1B731B91005D9564 /* Release */,
			);
			defaultConfigurationIsVisible = 0;
			defaultConfigurationName = Release;
		};
/* End XCConfigurationList section */
	};
	rootObject = 3F7A7C111B731B91005D9564 /* Project object */;
}
